// !$*UTF8*$!
{
	archiveVersion = 1;
	classes = {
	};
	objectVersion = 56;
	objects = {

/* Begin PBXBuildFile section */
		ABFFA0DC2B00AC5C00526703 /* LandmarksApp.swift in Sources */ = {isa = PBXBuildFile; fileRef = ABFFA0DB2B00AC5C00526703 /* LandmarksApp.swift */; };
		ABFFA0DE2B00AC5C00526703 /* ContentView.swift in Sources */ = {isa = PBXBuildFile; fileRef = ABFFA0DD2B00AC5C00526703 /* ContentView.swift */; };
		ABFFA0E02B00AC5E00526703 /* Assets.xcassets in Resources */ = {isa = PBXBuildFile; fileRef = ABFFA0DF2B00AC5E00526703 /* Assets.xcassets */; };
		ABFFA0E32B00AC5E00526703 /* Preview Assets.xcassets in Resources */ = {isa = PBXBuildFile; fileRef = ABFFA0E22B00AC5E00526703 /* Preview Assets.xcassets */; };
		ABFFA0EA2B00CF0A00526703 /* CircleImage.swift in Sources */ = {isa = PBXBuildFile; fileRef = ABFFA0E92B00CF0A00526703 /* CircleImage.swift */; };
		ABFFA0EC2B00D2B900526703 /* MapView.swift in Sources */ = {isa = PBXBuildFile; fileRef = ABFFA0EB2B00D2B900526703 /* MapView.swift */; };
		ABFFA0EE2B00D7FF00526703 /* landmarkData.json in Resources */ = {isa = PBXBuildFile; fileRef = ABFFA0ED2B00D7FF00526703 /* landmarkData.json */; };
		ABFFA0F02B00D81A00526703 /* Landmark.swift in Sources */ = {isa = PBXBuildFile; fileRef = ABFFA0EF2B00D81A00526703 /* Landmark.swift */; };
		ABFFA0F22B00DCA700526703 /* ModelData.swift in Sources */ = {isa = PBXBuildFile; fileRef = ABFFA0F12B00DCA700526703 /* ModelData.swift */; };
		ABFFA0F62B00E0B200526703 /* LandmarkRow.swift in Sources */ = {isa = PBXBuildFile; fileRef = ABFFA0F52B00E0B200526703 /* LandmarkRow.swift */; };
		ABFFA0F82B00E46500526703 /* LandmarkList.swift in Sources */ = {isa = PBXBuildFile; fileRef = ABFFA0F72B00E46500526703 /* LandmarkList.swift */; };
		ABFFA0FA2B00E6C900526703 /* LandmarkDetail.swift in Sources */ = {isa = PBXBuildFile; fileRef = ABFFA0F92B00E6C900526703 /* LandmarkDetail.swift */; };
/* End PBXBuildFile section */

/* Begin PBXFileReference section */
		ABFFA0D82B00AC5C00526703 /* Landmarks.app */ = {isa = PBXFileReference; explicitFileType = wrapper.application; includeInIndex = 0; path = Landmarks.app; sourceTree = BUILT_PRODUCTS_DIR; };
		ABFFA0DB2B00AC5C00526703 /* LandmarksApp.swift */ = {isa = PBXFileReference; lastKnownFileType = sourcecode.swift; path = LandmarksApp.swift; sourceTree = "<group>"; };
		ABFFA0DD2B00AC5C00526703 /* ContentView.swift */ = {isa = PBXFileReference; lastKnownFileType = sourcecode.swift; path = ContentView.swift; sourceTree = "<group>"; };
		ABFFA0DF2B00AC5E00526703 /* Assets.xcassets */ = {isa = PBXFileReference; lastKnownFileType = folder.assetcatalog; path = Assets.xcassets; sourceTree = "<group>"; };
		ABFFA0E22B00AC5E00526703 /* Preview Assets.xcassets */ = {isa = PBXFileReference; lastKnownFileType = folder.assetcatalog; path = "Preview Assets.xcassets"; sourceTree = "<group>"; };
		ABFFA0E92B00CF0A00526703 /* CircleImage.swift */ = {isa = PBXFileReference; lastKnownFileType = sourcecode.swift; path = CircleImage.swift; sourceTree = "<group>"; };
		ABFFA0EB2B00D2B900526703 /* MapView.swift */ = {isa = PBXFileReference; lastKnownFileType = sourcecode.swift; path = MapView.swift; sourceTree = "<group>"; };
		ABFFA0ED2B00D7FF00526703 /* landmarkData.json */ = {isa = PBXFileReference; fileEncoding = 4; lastKnownFileType = text.json; path = landmarkData.json; sourceTree = "<group>"; };
		ABFFA0EF2B00D81A00526703 /* Landmark.swift */ = {isa = PBXFileReference; lastKnownFileType = sourcecode.swift; path = Landmark.swift; sourceTree = "<group>"; };
		ABFFA0F12B00DCA700526703 /* ModelData.swift */ = {isa = PBXFileReference; lastKnownFileType = sourcecode.swift; path = ModelData.swift; sourceTree = "<group>"; };
		ABFFA0F52B00E0B200526703 /* LandmarkRow.swift */ = {isa = PBXFileReference; lastKnownFileType = sourcecode.swift; path = LandmarkRow.swift; sourceTree = "<group>"; };
		ABFFA0F72B00E46500526703 /* LandmarkList.swift */ = {isa = PBXFileReference; lastKnownFileType = sourcecode.swift; path = LandmarkList.swift; sourceTree = "<group>"; };
		ABFFA0F92B00E6C900526703 /* LandmarkDetail.swift */ = {isa = PBXFileReference; lastKnownFileType = sourcecode.swift; path = LandmarkDetail.swift; sourceTree = "<group>"; };
/* End PBXFileReference section */

/* Begin PBXFrameworksBuildPhase section */
		ABFFA0D52B00AC5C00526703 /* Frameworks */ = {
			isa = PBXFrameworksBuildPhase;
			buildActionMask = 2147483647;
			files = (
			);
			runOnlyForDeploymentPostprocessing = 0;
		};
/* End PBXFrameworksBuildPhase section */

/* Begin PBXGroup section */
		ABFFA0CF2B00AC5C00526703 = {
			isa = PBXGroup;
			children = (
				ABFFA0DA2B00AC5C00526703 /* Landmarks */,
				ABFFA0D92B00AC5C00526703 /* Products */,
			);
			sourceTree = "<group>";
		};
		ABFFA0D92B00AC5C00526703 /* Products */ = {
			isa = PBXGroup;
			children = (
				ABFFA0D82B00AC5C00526703 /* Landmarks.app */,
			);
			name = Products;
			sourceTree = "<group>";
		};
		ABFFA0DA2B00AC5C00526703 /* Landmarks */ = {
			isa = PBXGroup;
			children = (
				ABFFA0F42B00DFF500526703 /* Model */,
				ABFFA0F32B00DFDD00526703 /* Views */,
				ABFFA0DB2B00AC5C00526703 /* LandmarksApp.swift */,
				ABFFA0DF2B00AC5E00526703 /* Assets.xcassets */,
				ABFFA0ED2B00D7FF00526703 /* landmarkData.json */,
				ABFFA0E12B00AC5E00526703 /* Preview Content */,
			);
			path = Landmarks;
			sourceTree = "<group>";
		};
		ABFFA0E12B00AC5E00526703 /* Preview Content */ = {
			isa = PBXGroup;
			children = (
				ABFFA0E22B00AC5E00526703 /* Preview Assets.xcassets */,
			);
			path = "Preview Content";
			sourceTree = "<group>";
		};
		ABFFA0F32B00DFDD00526703 /* Views */ = {
			isa = PBXGroup;
			children = (
				ABFFA0E92B00CF0A00526703 /* CircleImage.swift */,
				ABFFA0EB2B00D2B900526703 /* MapView.swift */,
				ABFFA0DD2B00AC5C00526703 /* ContentView.swift */,
				ABFFA0F52B00E0B200526703 /* LandmarkRow.swift */,
				ABFFA0F72B00E46500526703 /* LandmarkList.swift */,
				ABFFA0F92B00E6C900526703 /* LandmarkDetail.swift */,
			);
			path = Views;
			sourceTree = "<group>";
		};
		ABFFA0F42B00DFF500526703 /* Model */ = {
			isa = PBXGroup;
			children = (
				ABFFA0F12B00DCA700526703 /* ModelData.swift */,
				ABFFA0EF2B00D81A00526703 /* Landmark.swift */,
			);
			path = Model;
			sourceTree = "<group>";
		};
/* End PBXGroup section */

/* Begin PBXNativeTarget section */
		ABFFA0D72B00AC5C00526703 /* Landmarks */ = {
			isa = PBXNativeTarget;
			buildConfigurationList = ABFFA0E62B00AC5E00526703 /* Build configuration list for PBXNativeTarget "Landmarks" */;
			buildPhases = (
				ABFFA0D42B00AC5C00526703 /* Sources */,
				ABFFA0D52B00AC5C00526703 /* Frameworks */,
				ABFFA0D62B00AC5C00526703 /* Resources */,
			);
			buildRules = (
			);
			dependencies = (
			);
			name = Landmarks;
			productName = Landmarks;
			productReference = ABFFA0D82B00AC5C00526703 /* Landmarks.app */;
			productType = "com.apple.product-type.application";
		};
/* End PBXNativeTarget section */

/* Begin PBXProject section */
		ABFFA0D02B00AC5C00526703 /* Project object */ = {
			isa = PBXProject;
			attributes = {
				BuildIndependentTargetsInParallel = 1;
				LastSwiftUpdateCheck = 1500;
				LastUpgradeCheck = 1500;
				TargetAttributes = {
					ABFFA0D72B00AC5C00526703 = {
						CreatedOnToolsVersion = 15.0.1;
					};
				};
			};
			buildConfigurationList = ABFFA0D32B00AC5C00526703 /* Build configuration list for PBXProject "Landmarks" */;
			compatibilityVersion = "Xcode 14.0";
			developmentRegion = en;
			hasScannedForEncodings = 0;
			knownRegions = (
				en,
				Base,
			);
			mainGroup = ABFFA0CF2B00AC5C00526703;
			productRefGroup = ABFFA0D92B00AC5C00526703 /* Products */;
			projectDirPath = "";
			projectRoot = "";
			targets = (
				ABFFA0D72B00AC5C00526703 /* Landmarks */,
			);
		};
/* End PBXProject section */

/* Begin PBXResourcesBuildPhase section */
		ABFFA0D62B00AC5C00526703 /* Resources */ = {
			isa = PBXResourcesBuildPhase;
			buildActionMask = 2147483647;
			files = (
				ABFFA0E32B00AC5E00526703 /* Preview Assets.xcassets in Resources */,
				ABFFA0E02B00AC5E00526703 /* Assets.xcassets in Resources */,
				ABFFA0EE2B00D7FF00526703 /* landmarkData.json in Resources */,
			);
			runOnlyForDeploymentPostprocessing = 0;
		};
/* End PBXResourcesBuildPhase section */

/* Begin PBXSourcesBuildPhase section */
		ABFFA0D42B00AC5C00526703 /* Sources */ = {
			isa = PBXSourcesBuildPhase;
			buildActionMask = 2147483647;
			files = (
				ABFFA0DE2B00AC5C00526703 /* ContentView.swift in Sources */,
				ABFFA0EC2B00D2B900526703 /* MapView.swift in Sources */,
				ABFFA0DC2B00AC5C00526703 /* LandmarksApp.swift in Sources */,
				ABFFA0F82B00E46500526703 /* LandmarkList.swift in Sources */,
				ABFFA0FA2B00E6C900526703 /* LandmarkDetail.swift in Sources */,
				ABFFA0EA2B00CF0A00526703 /* CircleImage.swift in Sources */,
				ABFFA0F02B00D81A00526703 /* Landmark.swift in Sources */,
				ABFFA0F62B00E0B200526703 /* LandmarkRow.swift in Sources */,
				ABFFA0F22B00DCA700526703 /* ModelData.swift in Sources */,
			);
			runOnlyForDeploymentPostprocessing = 0;
		};
/* End PBXSourcesBuildPhase section */

/* Begin XCBuildConfiguration section */
		ABFFA0E42B00AC5E00526703 /* Debug */ = {
			isa = XCBuildConfiguration;
			buildSettings = {
				ALWAYS_SEARCH_USER_PATHS = NO;
				ASSETCATALOG_COMPILER_GENERATE_SWIFT_ASSET_SYMBOL_EXTENSIONS = YES;
				CLANG_ANALYZER_NONNULL = YES;
				CLANG_ANALYZER_NUMBER_OBJECT_CONVERSION = YES_AGGRESSIVE;
				CLANG_CXX_LANGUAGE_STANDARD = "gnu++20";
				CLANG_ENABLE_MODULES = YES;
				CLANG_ENABLE_OBJC_ARC = YES;
				CLANG_ENABLE_OBJC_WEAK = YES;
				CLANG_WARN_BLOCK_CAPTURE_AUTORELEASING = YES;
				CLANG_WARN_BOOL_CONVERSION = YES;
				CLANG_WARN_COMMA = YES;
				CLANG_WARN_CONSTANT_CONVERSION = YES;
				CLANG_WARN_DEPRECATED_OBJC_IMPLEMENTATIONS = YES;
				CLANG_WARN_DIRECT_OBJC_ISA_USAGE = YES_ERROR;
				CLANG_WARN_DOCUMENTATION_COMMENTS = YES;
				CLANG_WARN_EMPTY_BODY = YES;
				CLANG_WARN_ENUM_CONVERSION = YES;
				CLANG_WARN_INFINITE_RECURSION = YES;
				CLANG_WARN_INT_CONVERSION = YES;
				CLANG_WARN_NON_LITERAL_NULL_CONVERSION = YES;
				CLANG_WARN_OBJC_IMPLICIT_RETAIN_SELF = YES;
				CLANG_WARN_OBJC_LITERAL_CONVERSION = YES;
				CLANG_WARN_OBJC_ROOT_CLASS = YES_ERROR;
				CLANG_WARN_QUOTED_INCLUDE_IN_FRAMEWORK_HEADER = YES;
				CLANG_WARN_RANGE_LOOP_ANALYSIS = YES;
				CLANG_WARN_STRICT_PROTOTYPES = YES;
				CLANG_WARN_SUSPICIOUS_MOVE = YES;
				CLANG_WARN_UNGUARDED_AVAILABILITY = YES_AGGRESSIVE;
				CLANG_WARN_UNREACHABLE_CODE = YES;
				CLANG_WARN__DUPLICATE_METHOD_MATCH = YES;
				COPY_PHASE_STRIP = NO;
				DEBUG_INFORMATION_FORMAT = dwarf;
				ENABLE_STRICT_OBJC_MSGSEND = YES;
				ENABLE_TESTABILITY = YES;
				ENABLE_USER_SCRIPT_SANDBOXING = YES;
				GCC_C_LANGUAGE_STANDARD = gnu17;
				GCC_DYNAMIC_NO_PIC = NO;
				GCC_NO_COMMON_BLOCKS = YES;
				GCC_OPTIMIZATION_LEVEL = 0;
				GCC_PREPROCESSOR_DEFINITIONS = (
					"DEBUG=1",
					"$(inherited)",
				);
				GCC_WARN_64_TO_32_BIT_CONVERSION = YES;
				GCC_WARN_ABOUT_RETURN_TYPE = YES_ERROR;
				GCC_WARN_UNDECLARED_SELECTOR = YES;
				GCC_WARN_UNINITIALIZED_AUTOS = YES_AGGRESSIVE;
				GCC_WARN_UNUSED_FUNCTION = YES;
				GCC_WARN_UNUSED_VARIABLE = YES;
				IPHONEOS_DEPLOYMENT_TARGET = 17.0;
				LOCALIZATION_PREFERS_STRING_CATALOGS = YES;
				MTL_ENABLE_DEBUG_INFO = INCLUDE_SOURCE;
				MTL_FAST_MATH = YES;
				ONLY_ACTIVE_ARCH = YES;
				SDKROOT = iphoneos;
				SWIFT_ACTIVE_COMPILATION_CONDITIONS = "DEBUG $(inherited)";
				SWIFT_OPTIMIZATION_LEVEL = "-Onone";
			};
			name = Debug;
		};
		ABFFA0E52B00AC5E00526703 /* Release */ = {
			isa = XCBuildConfiguration;
			buildSettings = {
				ALWAYS_SEARCH_USER_PATHS = NO;
				ASSETCATALOG_COMPILER_GENERATE_SWIFT_ASSET_SYMBOL_EXTENSIONS = YES;
				CLANG_ANALYZER_NONNULL = YES;
				CLANG_ANALYZER_NUMBER_OBJECT_CONVERSION = YES_AGGRESSIVE;
				CLANG_CXX_LANGUAGE_STANDARD = "gnu++20";
				CLANG_ENABLE_MODULES = YES;
				CLANG_ENABLE_OBJC_ARC = YES;
				CLANG_ENABLE_OBJC_WEAK = YES;
				CLANG_WARN_BLOCK_CAPTURE_AUTORELEASING = YES;
				CLANG_WARN_BOOL_CONVERSION = YES;
				CLANG_WARN_COMMA = YES;
				CLANG_WARN_CONSTANT_CONVERSION = YES;
				CLANG_WARN_DEPRECATED_OBJC_IMPLEMENTATIONS = YES;
				CLANG_WARN_DIRECT_OBJC_ISA_USAGE = YES_ERROR;
				CLANG_WARN_DOCUMENTATION_COMMENTS = YES;
				CLANG_WARN_EMPTY_BODY = YES;
				CLANG_WARN_ENUM_CONVERSION = YES;
				CLANG_WARN_INFINITE_RECURSION = YES;
				CLANG_WARN_INT_CONVERSION = YES;
				CLANG_WARN_NON_LITERAL_NULL_CONVERSION = YES;
				CLANG_WARN_OBJC_IMPLICIT_RETAIN_SELF = YES;
				CLANG_WARN_OBJC_LITERAL_CONVERSION = YES;
				CLANG_WARN_OBJC_ROOT_CLASS = YES_ERROR;
				CLANG_WARN_QUOTED_INCLUDE_IN_FRAMEWORK_HEADER = YES;
				CLANG_WARN_RANGE_LOOP_ANALYSIS = YES;
				CLANG_WARN_STRICT_PROTOTYPES = YES;
				CLANG_WARN_SUSPICIOUS_MOVE = YES;
				CLANG_WARN_UNGUARDED_AVAILABILITY = YES_AGGRESSIVE;
				CLANG_WARN_UNREACHABLE_CODE = YES;
				CLANG_WARN__DUPLICATE_METHOD_MATCH = YES;
				COPY_PHASE_STRIP = NO;
				DEBUG_INFORMATION_FORMAT = "dwarf-with-dsym";
				ENABLE_NS_ASSERTIONS = NO;
				ENABLE_STRICT_OBJC_MSGSEND = YES;
				ENABLE_USER_SCRIPT_SANDBOXING = YES;
				GCC_C_LANGUAGE_STANDARD = gnu17;
				GCC_NO_COMMON_BLOCKS = YES;
				GCC_WARN_64_TO_32_BIT_CONVERSION = YES;
				GCC_WARN_ABOUT_RETURN_TYPE = YES_ERROR;
				GCC_WARN_UNDECLARED_SELECTOR = YES;
				GCC_WARN_UNINITIALIZED_AUTOS = YES_AGGRESSIVE;
				GCC_WARN_UNUSED_FUNCTION = YES;
				GCC_WARN_UNUSED_VARIABLE = YES;
				IPHONEOS_DEPLOYMENT_TARGET = 17.0;
				LOCALIZATION_PREFERS_STRING_CATALOGS = YES;
				MTL_ENABLE_DEBUG_INFO = NO;
				MTL_FAST_MATH = YES;
				SDKROOT = iphoneos;
				SWIFT_COMPILATION_MODE = wholemodule;
				VALIDATE_PRODUCT = YES;
			};
			name = Release;
		};
		ABFFA0E72B00AC5E00526703 /* Debug */ = {
			isa = XCBuildConfiguration;
			buildSettings = {
				ASSETCATALOG_COMPILER_APPICON_NAME = AppIcon;
				ASSETCATALOG_COMPILER_GLOBAL_ACCENT_COLOR_NAME = AccentColor;
				CODE_SIGN_STYLE = Automatic;
				CURRENT_PROJECT_VERSION = 1;
				DEVELOPMENT_ASSET_PATHS = "\"Landmarks/Preview Content\"";
				DEVELOPMENT_TEAM = 5TXX7B273Y;
				ENABLE_PREVIEWS = YES;
				GENERATE_INFOPLIST_FILE = YES;
				INFOPLIST_KEY_UIApplicationSceneManifest_Generation = YES;
				INFOPLIST_KEY_UIApplicationSupportsIndirectInputEvents = YES;
				INFOPLIST_KEY_UILaunchScreen_Generation = YES;
				INFOPLIST_KEY_UISupportedInterfaceOrientations_iPad = "UIInterfaceOrientationPortrait UIInterfaceOrientationPortraitUpsideDown UIInterfaceOrientationLandscapeLeft UIInterfaceOrientationLandscapeRight";
				INFOPLIST_KEY_UISupportedInterfaceOrientations_iPhone = "UIInterfaceOrientationPortrait UIInterfaceOrientationLandscapeLeft UIInterfaceOrientationLandscapeRight";
				LD_RUNPATH_SEARCH_PATHS = (
					"$(inherited)",
					"@executable_path/Frameworks",
				);
				MARKETING_VERSION = 1.0;
				PRODUCT_BUNDLE_IDENTIFIER = github.com.djmin43.Landmarks;
				PRODUCT_NAME = "$(TARGET_NAME)";
				SWIFT_EMIT_LOC_STRINGS = YES;
				SWIFT_VERSION = 5.0;
				TARGETED_DEVICE_FAMILY = "1,2";
			};
			name = Debug;
		};
		ABFFA0E82B00AC5E00526703 /* Release */ = {
			isa = XCBuildConfiguration;
			buildSettings = {
				ASSETCATALOG_COMPILER_APPICON_NAME = AppIcon;
				ASSETCATALOG_COMPILER_GLOBAL_ACCENT_COLOR_NAME = AccentColor;
				CODE_SIGN_STYLE = Automatic;
				CURRENT_PROJECT_VERSION = 1;
				DEVELOPMENT_ASSET_PATHS = "\"Landmarks/Preview Content\"";
				DEVELOPMENT_TEAM = 5TXX7B273Y;
				ENABLE_PREVIEWS = YES;
				GENERATE_INFOPLIST_FILE = YES;
				INFOPLIST_KEY_UIApplicationSceneManifest_Generation = YES;
				INFOPLIST_KEY_UIApplicationSupportsIndirectInputEvents = YES;
				INFOPLIST_KEY_UILaunchScreen_Generation = YES;
				INFOPLIST_KEY_UISupportedInterfaceOrientations_iPad = "UIInterfaceOrientationPortrait UIInterfaceOrientationPortraitUpsideDown UIInterfaceOrientationLandscapeLeft UIInterfaceOrientationLandscapeRight";
				INFOPLIST_KEY_UISupportedInterfaceOrientations_iPhone = "UIInterfaceOrientationPortrait UIInterfaceOrientationLandscapeLeft UIInterfaceOrientationLandscapeRight";
				LD_RUNPATH_SEARCH_PATHS = (
					"$(inherited)",
					"@executable_path/Frameworks",
				);
				MARKETING_VERSION = 1.0;
				PRODUCT_BUNDLE_IDENTIFIER = github.com.djmin43.Landmarks;
				PRODUCT_NAME = "$(TARGET_NAME)";
				SWIFT_EMIT_LOC_STRINGS = YES;
				SWIFT_VERSION = 5.0;
				TARGETED_DEVICE_FAMILY = "1,2";
			};
			name = Release;
		};
/* End XCBuildConfiguration section */

/* Begin XCConfigurationList section */
		ABFFA0D32B00AC5C00526703 /* Build configuration list for PBXProject "Landmarks" */ = {
			isa = XCConfigurationList;
			buildConfigurations = (
				ABFFA0E42B00AC5E00526703 /* Debug */,
				ABFFA0E52B00AC5E00526703 /* Release */,
			);
			defaultConfigurationIsVisible = 0;
			defaultConfigurationName = Release;
		};
		ABFFA0E62B00AC5E00526703 /* Build configuration list for PBXNativeTarget "Landmarks" */ = {
			isa = XCConfigurationList;
			buildConfigurations = (
				ABFFA0E72B00AC5E00526703 /* Debug */,
				ABFFA0E82B00AC5E00526703 /* Release */,
			);
			defaultConfigurationIsVisible = 0;
			defaultConfigurationName = Release;
		};
/* End XCConfigurationList section */
	};
	rootObject = ABFFA0D02B00AC5C00526703 /* Project object */;
}
