// !$*UTF8*$!
{
	archiveVersion = 1;
	classes = {
	};
	objectVersion = 56;
	objects = {

/* Begin PBXBuildFile section */
		AB60B6C42ACAA1DF00E1DFB3 /* baseball-ump Watch App.app in Embed Watch Content */ = {isa = PBXBuildFile; fileRef = AB60B6C32ACAA1DF00E1DFB3 /* baseball-ump Watch App.app */; settings = {ATTRIBUTES = (RemoveHeadersOnCopy, ); }; };
		AB60B6C92ACAA1DF00E1DFB3 /* baseball_umpApp.swift in Sources */ = {isa = PBXBuildFile; fileRef = AB60B6C82ACAA1DF00E1DFB3 /* baseball_umpApp.swift */; };
		AB60B6CB2ACAA1DF00E1DFB3 /* ContentView.swift in Sources */ = {isa = PBXBuildFile; fileRef = AB60B6CA2ACAA1DF00E1DFB3 /* ContentView.swift */; };
		AB60B6CD2ACAA1E000E1DFB3 /* Assets.xcassets in Resources */ = {isa = PBXBuildFile; fileRef = AB60B6CC2ACAA1E000E1DFB3 /* Assets.xcassets */; };
		AB60B6D02ACAA1E000E1DFB3 /* Preview Assets.xcassets in Resources */ = {isa = PBXBuildFile; fileRef = AB60B6CF2ACAA1E000E1DFB3 /* Preview Assets.xcassets */; };
/* End PBXBuildFile section */

/* Begin PBXContainerItemProxy section */
		AB60B6C52ACAA1DF00E1DFB3 /* PBXContainerItemProxy */ = {
			isa = PBXContainerItemProxy;
			containerPortal = AB60B6B72ACAA1DF00E1DFB3 /* Project object */;
			proxyType = 1;
			remoteGlobalIDString = AB60B6C22ACAA1DF00E1DFB3;
			remoteInfo = "baseball-ump Watch App";
		};
/* End PBXContainerItemProxy section */

/* Begin PBXCopyFilesBuildPhase section */
		AB60B6D62ACAA1E000E1DFB3 /* Embed Watch Content */ = {
			isa = PBXCopyFilesBuildPhase;
			buildActionMask = 2147483647;
			dstPath = "$(CONTENTS_FOLDER_PATH)/Watch";
			dstSubfolderSpec = 16;
			files = (
				AB60B6C42ACAA1DF00E1DFB3 /* baseball-ump Watch App.app in Embed Watch Content */,
			);
			name = "Embed Watch Content";
			runOnlyForDeploymentPostprocessing = 0;
		};
/* End PBXCopyFilesBuildPhase section */

/* Begin PBXFileReference section */
		AB60B6BD2ACAA1DF00E1DFB3 /* baseball-ump.app */ = {isa = PBXFileReference; explicitFileType = wrapper.application; includeInIndex = 0; path = "baseball-ump.app"; sourceTree = BUILT_PRODUCTS_DIR; };
		AB60B6C32ACAA1DF00E1DFB3 /* baseball-ump Watch App.app */ = {isa = PBXFileReference; explicitFileType = wrapper.application; includeInIndex = 0; path = "baseball-ump Watch App.app"; sourceTree = BUILT_PRODUCTS_DIR; };
		AB60B6C82ACAA1DF00E1DFB3 /* baseball_umpApp.swift */ = {isa = PBXFileReference; lastKnownFileType = sourcecode.swift; path = baseball_umpApp.swift; sourceTree = "<group>"; };
		AB60B6CA2ACAA1DF00E1DFB3 /* ContentView.swift */ = {isa = PBXFileReference; lastKnownFileType = sourcecode.swift; path = ContentView.swift; sourceTree = "<group>"; };
		AB60B6CC2ACAA1E000E1DFB3 /* Assets.xcassets */ = {isa = PBXFileReference; lastKnownFileType = folder.assetcatalog; path = Assets.xcassets; sourceTree = "<group>"; };
		AB60B6CF2ACAA1E000E1DFB3 /* Preview Assets.xcassets */ = {isa = PBXFileReference; lastKnownFileType = folder.assetcatalog; path = "Preview Assets.xcassets"; sourceTree = "<group>"; };
/* End PBXFileReference section */

/* Begin PBXFrameworksBuildPhase section */
		AB60B6C02ACAA1DF00E1DFB3 /* Frameworks */ = {
			isa = PBXFrameworksBuildPhase;
			buildActionMask = 2147483647;
			files = (
			);
			runOnlyForDeploymentPostprocessing = 0;
		};
/* End PBXFrameworksBuildPhase section */

/* Begin PBXGroup section */
		AB60B6B62ACAA1DF00E1DFB3 = {
			isa = PBXGroup;
			children = (
				AB60B6C72ACAA1DF00E1DFB3 /* baseball-ump Watch App */,
				AB60B6BE2ACAA1DF00E1DFB3 /* Products */,
			);
			sourceTree = "<group>";
		};
		AB60B6BE2ACAA1DF00E1DFB3 /* Products */ = {
			isa = PBXGroup;
			children = (
				AB60B6BD2ACAA1DF00E1DFB3 /* baseball-ump.app */,
				AB60B6C32ACAA1DF00E1DFB3 /* baseball-ump Watch App.app */,
			);
			name = Products;
			sourceTree = "<group>";
		};
		AB60B6C72ACAA1DF00E1DFB3 /* baseball-ump Watch App */ = {
			isa = PBXGroup;
			children = (
				AB60B6C82ACAA1DF00E1DFB3 /* baseball_umpApp.swift */,
				AB60B6CA2ACAA1DF00E1DFB3 /* ContentView.swift */,
				AB60B6CC2ACAA1E000E1DFB3 /* Assets.xcassets */,
				AB60B6CE2ACAA1E000E1DFB3 /* Preview Content */,
			);
			path = "baseball-ump Watch App";
			sourceTree = "<group>";
		};
		AB60B6CE2ACAA1E000E1DFB3 /* Preview Content */ = {
			isa = PBXGroup;
			children = (
				AB60B6CF2ACAA1E000E1DFB3 /* Preview Assets.xcassets */,
			);
			path = "Preview Content";
			sourceTree = "<group>";
		};
/* End PBXGroup section */

/* Begin PBXNativeTarget section */
		AB60B6BC2ACAA1DF00E1DFB3 /* baseball-ump */ = {
			isa = PBXNativeTarget;
			buildConfigurationList = AB60B6D72ACAA1E000E1DFB3 /* Build configuration list for PBXNativeTarget "baseball-ump" */;
			buildPhases = (
				AB60B6BB2ACAA1DF00E1DFB3 /* Resources */,
				AB60B6D62ACAA1E000E1DFB3 /* Embed Watch Content */,
			);
			buildRules = (
			);
			dependencies = (
				AB60B6C62ACAA1DF00E1DFB3 /* PBXTargetDependency */,
			);
			name = "baseball-ump";
			productName = "baseball-ump";
			productReference = AB60B6BD2ACAA1DF00E1DFB3 /* baseball-ump.app */;
			productType = "com.apple.product-type.application.watchapp2-container";
		};
		AB60B6C22ACAA1DF00E1DFB3 /* baseball-ump Watch App */ = {
			isa = PBXNativeTarget;
			buildConfigurationList = AB60B6D32ACAA1E000E1DFB3 /* Build configuration list for PBXNativeTarget "baseball-ump Watch App" */;
			buildPhases = (
				AB60B6BF2ACAA1DF00E1DFB3 /* Sources */,
				AB60B6C02ACAA1DF00E1DFB3 /* Frameworks */,
				AB60B6C12ACAA1DF00E1DFB3 /* Resources */,
			);
			buildRules = (
			);
			dependencies = (
			);
			name = "baseball-ump Watch App";
			productName = "baseball-ump Watch App";
			productReference = AB60B6C32ACAA1DF00E1DFB3 /* baseball-ump Watch App.app */;
			productType = "com.apple.product-type.application";
		};
/* End PBXNativeTarget section */

/* Begin PBXProject section */
		AB60B6B72ACAA1DF00E1DFB3 /* Project object */ = {
			isa = PBXProject;
			attributes = {
				BuildIndependentTargetsInParallel = 1;
				LastSwiftUpdateCheck = 1500;
				LastUpgradeCheck = 1500;
				TargetAttributes = {
					AB60B6BC2ACAA1DF00E1DFB3 = {
						CreatedOnToolsVersion = 15.0;
					};
					AB60B6C22ACAA1DF00E1DFB3 = {
						CreatedOnToolsVersion = 15.0;
					};
				};
			};
			buildConfigurationList = AB60B6BA2ACAA1DF00E1DFB3 /* Build configuration list for PBXProject "baseball-ump" */;
			compatibilityVersion = "Xcode 14.0";
			developmentRegion = en;
			hasScannedForEncodings = 0;
			knownRegions = (
				en,
				Base,
			);
			mainGroup = AB60B6B62ACAA1DF00E1DFB3;
			productRefGroup = AB60B6BE2ACAA1DF00E1DFB3 /* Products */;
			projectDirPath = "";
			projectRoot = "";
			targets = (
				AB60B6BC2ACAA1DF00E1DFB3 /* baseball-ump */,
				AB60B6C22ACAA1DF00E1DFB3 /* baseball-ump Watch App */,
			);
		};
/* End PBXProject section */

/* Begin PBXResourcesBuildPhase section */
		AB60B6BB2ACAA1DF00E1DFB3 /* Resources */ = {
			isa = PBXResourcesBuildPhase;
			buildActionMask = 2147483647;
			files = (
			);
			runOnlyForDeploymentPostprocessing = 0;
		};
		AB60B6C12ACAA1DF00E1DFB3 /* Resources */ = {
			isa = PBXResourcesBuildPhase;
			buildActionMask = 2147483647;
			files = (
				AB60B6D02ACAA1E000E1DFB3 /* Preview Assets.xcassets in Resources */,
				AB60B6CD2ACAA1E000E1DFB3 /* Assets.xcassets in Resources */,
			);
			runOnlyForDeploymentPostprocessing = 0;
		};
/* End PBXResourcesBuildPhase section */

/* Begin PBXSourcesBuildPhase section */
		AB60B6BF2ACAA1DF00E1DFB3 /* Sources */ = {
			isa = PBXSourcesBuildPhase;
			buildActionMask = 2147483647;
			files = (
				AB60B6CB2ACAA1DF00E1DFB3 /* ContentView.swift in Sources */,
				AB60B6C92ACAA1DF00E1DFB3 /* baseball_umpApp.swift in Sources */,
			);
			runOnlyForDeploymentPostprocessing = 0;
		};
/* End PBXSourcesBuildPhase section */

/* Begin PBXTargetDependency section */
		AB60B6C62ACAA1DF00E1DFB3 /* PBXTargetDependency */ = {
			isa = PBXTargetDependency;
			target = AB60B6C22ACAA1DF00E1DFB3 /* baseball-ump Watch App */;
			targetProxy = AB60B6C52ACAA1DF00E1DFB3 /* PBXContainerItemProxy */;
		};
/* End PBXTargetDependency section */

/* Begin XCBuildConfiguration section */
		AB60B6D12ACAA1E000E1DFB3 /* Debug */ = {
			isa = XCBuildConfiguration;
			buildSettings = {
				ALWAYS_SEARCH_USER_PATHS = NO;
				ASSETCATALOG_COMPILER_GENERATE_SWIFT_ASSET_SYMBOL_EXTENSIONS = YES;
				CLANG_ANALYZER_NONNULL = YES;
				CLANG_ANALYZER_NUMBER_OBJECT_CONVERSION = YES_AGGRESSIVE;
				CLANG_CXX_LANGUAGE_STANDARD = "gnu++20";
				CLANG_ENABLE_MODULES = YES;
				CLANG_ENABLE_OBJC_ARC = YES;
				CLANG_ENABLE_OBJC_WEAK = YES;
				CLANG_WARN_BLOCK_CAPTURE_AUTORELEASING = YES;
				CLANG_WARN_BOOL_CONVERSION = YES;
				CLANG_WARN_COMMA = YES;
				CLANG_WARN_CONSTANT_CONVERSION = YES;
				CLANG_WARN_DEPRECATED_OBJC_IMPLEMENTATIONS = YES;
				CLANG_WARN_DIRECT_OBJC_ISA_USAGE = YES_ERROR;
				CLANG_WARN_DOCUMENTATION_COMMENTS = YES;
				CLANG_WARN_EMPTY_BODY = YES;
				CLANG_WARN_ENUM_CONVERSION = YES;
				CLANG_WARN_INFINITE_RECURSION = YES;
				CLANG_WARN_INT_CONVERSION = YES;
				CLANG_WARN_NON_LITERAL_NULL_CONVERSION = YES;
				CLANG_WARN_OBJC_IMPLICIT_RETAIN_SELF = YES;
				CLANG_WARN_OBJC_LITERAL_CONVERSION = YES;
				CLANG_WARN_OBJC_ROOT_CLASS = YES_ERROR;
				CLANG_WARN_QUOTED_INCLUDE_IN_FRAMEWORK_HEADER = YES;
				CLANG_WARN_RANGE_LOOP_ANALYSIS = YES;
				CLANG_WARN_STRICT_PROTOTYPES = YES;
				CLANG_WARN_SUSPICIOUS_MOVE = YES;
				CLANG_WARN_UNGUARDED_AVAILABILITY = YES_AGGRESSIVE;
				CLANG_WARN_UNREACHABLE_CODE = YES;
				CLANG_WARN__DUPLICATE_METHOD_MATCH = YES;
				COPY_PHASE_STRIP = NO;
				DEBUG_INFORMATION_FORMAT = dwarf;
				ENABLE_STRICT_OBJC_MSGSEND = YES;
				ENABLE_TESTABILITY = YES;
				ENABLE_USER_SCRIPT_SANDBOXING = YES;
				GCC_C_LANGUAGE_STANDARD = gnu17;
				GCC_DYNAMIC_NO_PIC = NO;
				GCC_NO_COMMON_BLOCKS = YES;
				GCC_OPTIMIZATION_LEVEL = 0;
				GCC_PREPROCESSOR_DEFINITIONS = (
					"DEBUG=1",
					"$(inherited)",
				);
				GCC_WARN_64_TO_32_BIT_CONVERSION = YES;
				GCC_WARN_ABOUT_RETURN_TYPE = YES_ERROR;
				GCC_WARN_UNDECLARED_SELECTOR = YES;
				GCC_WARN_UNINITIALIZED_AUTOS = YES_AGGRESSIVE;
				GCC_WARN_UNUSED_FUNCTION = YES;
				GCC_WARN_UNUSED_VARIABLE = YES;
				LOCALIZATION_PREFERS_STRING_CATALOGS = YES;
				MTL_ENABLE_DEBUG_INFO = INCLUDE_SOURCE;
				MTL_FAST_MATH = YES;
				ONLY_ACTIVE_ARCH = YES;
				SWIFT_ACTIVE_COMPILATION_CONDITIONS = "DEBUG $(inherited)";
				SWIFT_OPTIMIZATION_LEVEL = "-Onone";
			};
			name = Debug;
		};
		AB60B6D22ACAA1E000E1DFB3 /* Release */ = {
			isa = XCBuildConfiguration;
			buildSettings = {
				ALWAYS_SEARCH_USER_PATHS = NO;
				ASSETCATALOG_COMPILER_GENERATE_SWIFT_ASSET_SYMBOL_EXTENSIONS = YES;
				CLANG_ANALYZER_NONNULL = YES;
				CLANG_ANALYZER_NUMBER_OBJECT_CONVERSION = YES_AGGRESSIVE;
				CLANG_CXX_LANGUAGE_STANDARD = "gnu++20";
				CLANG_ENABLE_MODULES = YES;
				CLANG_ENABLE_OBJC_ARC = YES;
				CLANG_ENABLE_OBJC_WEAK = YES;
				CLANG_WARN_BLOCK_CAPTURE_AUTORELEASING = YES;
				CLANG_WARN_BOOL_CONVERSION = YES;
				CLANG_WARN_COMMA = YES;
				CLANG_WARN_CONSTANT_CONVERSION = YES;
				CLANG_WARN_DEPRECATED_OBJC_IMPLEMENTATIONS = YES;
				CLANG_WARN_DIRECT_OBJC_ISA_USAGE = YES_ERROR;
				CLANG_WARN_DOCUMENTATION_COMMENTS = YES;
				CLANG_WARN_EMPTY_BODY = YES;
				CLANG_WARN_ENUM_CONVERSION = YES;
				CLANG_WARN_INFINITE_RECURSION = YES;
				CLANG_WARN_INT_CONVERSION = YES;
				CLANG_WARN_NON_LITERAL_NULL_CONVERSION = YES;
				CLANG_WARN_OBJC_IMPLICIT_RETAIN_SELF = YES;
				CLANG_WARN_OBJC_LITERAL_CONVERSION = YES;
				CLANG_WARN_OBJC_ROOT_CLASS = YES_ERROR;
				CLANG_WARN_QUOTED_INCLUDE_IN_FRAMEWORK_HEADER = YES;
				CLANG_WARN_RANGE_LOOP_ANALYSIS = YES;
				CLANG_WARN_STRICT_PROTOTYPES = YES;
				CLANG_WARN_SUSPICIOUS_MOVE = YES;
				CLANG_WARN_UNGUARDED_AVAILABILITY = YES_AGGRESSIVE;
				CLANG_WARN_UNREACHABLE_CODE = YES;
				CLANG_WARN__DUPLICATE_METHOD_MATCH = YES;
				COPY_PHASE_STRIP = NO;
				DEBUG_INFORMATION_FORMAT = "dwarf-with-dsym";
				ENABLE_NS_ASSERTIONS = NO;
				ENABLE_STRICT_OBJC_MSGSEND = YES;
				ENABLE_USER_SCRIPT_SANDBOXING = YES;
				GCC_C_LANGUAGE_STANDARD = gnu17;
				GCC_NO_COMMON_BLOCKS = YES;
				GCC_WARN_64_TO_32_BIT_CONVERSION = YES;
				GCC_WARN_ABOUT_RETURN_TYPE = YES_ERROR;
				GCC_WARN_UNDECLARED_SELECTOR = YES;
				GCC_WARN_UNINITIALIZED_AUTOS = YES_AGGRESSIVE;
				GCC_WARN_UNUSED_FUNCTION = YES;
				GCC_WARN_UNUSED_VARIABLE = YES;
				LOCALIZATION_PREFERS_STRING_CATALOGS = YES;
				MTL_ENABLE_DEBUG_INFO = NO;
				MTL_FAST_MATH = YES;
				SWIFT_COMPILATION_MODE = wholemodule;
			};
			name = Release;
		};
		AB60B6D42ACAA1E000E1DFB3 /* Debug */ = {
			isa = XCBuildConfiguration;
			buildSettings = {
				ASSETCATALOG_COMPILER_APPICON_NAME = AppIcon;
				ASSETCATALOG_COMPILER_GLOBAL_ACCENT_COLOR_NAME = AccentColor;
				CODE_SIGN_STYLE = Automatic;
				CURRENT_PROJECT_VERSION = 1;
				DEVELOPMENT_ASSET_PATHS = "\"baseball-ump Watch App/Preview Content\"";
				DEVELOPMENT_TEAM = 5TXX7B273Y;
				ENABLE_PREVIEWS = YES;
				GENERATE_INFOPLIST_FILE = YES;
				INFOPLIST_KEY_CFBundleDisplayName = "baseball-ump";
				INFOPLIST_KEY_UISupportedInterfaceOrientations = "UIInterfaceOrientationPortrait UIInterfaceOrientationPortraitUpsideDown";
				INFOPLIST_KEY_WKWatchOnly = YES;
				LD_RUNPATH_SEARCH_PATHS = (
					"$(inherited)",
					"@executable_path/Frameworks",
				);
				MARKETING_VERSION = 1.0;
				PRODUCT_BUNDLE_IDENTIFIER = "github.com.djmin43.baseball-ump.watchkitapp";
				PRODUCT_NAME = "$(TARGET_NAME)";
				SDKROOT = watchos;
				SKIP_INSTALL = YES;
				SWIFT_EMIT_LOC_STRINGS = YES;
				SWIFT_VERSION = 5.0;
				TARGETED_DEVICE_FAMILY = 4;
				WATCHOS_DEPLOYMENT_TARGET = 10.0;
			};
			name = Debug;
		};
		AB60B6D52ACAA1E000E1DFB3 /* Release */ = {
			isa = XCBuildConfiguration;
			buildSettings = {
				ASSETCATALOG_COMPILER_APPICON_NAME = AppIcon;
				ASSETCATALOG_COMPILER_GLOBAL_ACCENT_COLOR_NAME = AccentColor;
				CODE_SIGN_STYLE = Automatic;
				CURRENT_PROJECT_VERSION = 1;
				DEVELOPMENT_ASSET_PATHS = "\"baseball-ump Watch App/Preview Content\"";
				DEVELOPMENT_TEAM = 5TXX7B273Y;
				ENABLE_PREVIEWS = YES;
				GENERATE_INFOPLIST_FILE = YES;
				INFOPLIST_KEY_CFBundleDisplayName = "baseball-ump";
				INFOPLIST_KEY_UISupportedInterfaceOrientations = "UIInterfaceOrientationPortrait UIInterfaceOrientationPortraitUpsideDown";
				INFOPLIST_KEY_WKWatchOnly = YES;
				LD_RUNPATH_SEARCH_PATHS = (
					"$(inherited)",
					"@executable_path/Frameworks",
				);
				MARKETING_VERSION = 1.0;
				PRODUCT_BUNDLE_IDENTIFIER = "github.com.djmin43.baseball-ump.watchkitapp";
				PRODUCT_NAME = "$(TARGET_NAME)";
				SDKROOT = watchos;
				SKIP_INSTALL = YES;
				SWIFT_EMIT_LOC_STRINGS = YES;
				SWIFT_VERSION = 5.0;
				TARGETED_DEVICE_FAMILY = 4;
				VALIDATE_PRODUCT = YES;
				WATCHOS_DEPLOYMENT_TARGET = 10.0;
			};
			name = Release;
		};
		AB60B6D82ACAA1E000E1DFB3 /* Debug */ = {
			isa = XCBuildConfiguration;
			buildSettings = {
				ALWAYS_EMBED_SWIFT_STANDARD_LIBRARIES = YES;
				CODE_SIGN_STYLE = Automatic;
				CURRENT_PROJECT_VERSION = 1;
				DEVELOPMENT_TEAM = 5TXX7B273Y;
				INFOPLIST_KEY_CFBundleDisplayName = "baseball-ump";
				MARKETING_VERSION = 1.0;
				PRODUCT_BUNDLE_IDENTIFIER = "github.com.djmin43.baseball-ump";
				PRODUCT_NAME = "$(TARGET_NAME)";
				SDKROOT = iphoneos;
				SWIFT_VERSION = 5.0;
			};
			name = Debug;
		};
		AB60B6D92ACAA1E000E1DFB3 /* Release */ = {
			isa = XCBuildConfiguration;
			buildSettings = {
				ALWAYS_EMBED_SWIFT_STANDARD_LIBRARIES = YES;
				CODE_SIGN_STYLE = Automatic;
				CURRENT_PROJECT_VERSION = 1;
				DEVELOPMENT_TEAM = 5TXX7B273Y;
				INFOPLIST_KEY_CFBundleDisplayName = "baseball-ump";
				MARKETING_VERSION = 1.0;
				PRODUCT_BUNDLE_IDENTIFIER = "github.com.djmin43.baseball-ump";
				PRODUCT_NAME = "$(TARGET_NAME)";
				SDKROOT = iphoneos;
				SWIFT_VERSION = 5.0;
				VALIDATE_PRODUCT = YES;
			};
			name = Release;
		};
/* End XCBuildConfiguration section */

/* Begin XCConfigurationList section */
		AB60B6BA2ACAA1DF00E1DFB3 /* Build configuration list for PBXProject "baseball-ump" */ = {
			isa = XCConfigurationList;
			buildConfigurations = (
				AB60B6D12ACAA1E000E1DFB3 /* Debug */,
				AB60B6D22ACAA1E000E1DFB3 /* Release */,
			);
			defaultConfigurationIsVisible = 0;
			defaultConfigurationName = Release;
		};
		AB60B6D32ACAA1E000E1DFB3 /* Build configuration list for PBXNativeTarget "baseball-ump Watch App" */ = {
			isa = XCConfigurationList;
			buildConfigurations = (
				AB60B6D42ACAA1E000E1DFB3 /* Debug */,
				AB60B6D52ACAA1E000E1DFB3 /* Release */,
			);
			defaultConfigurationIsVisible = 0;
			defaultConfigurationName = Release;
		};
		AB60B6D72ACAA1E000E1DFB3 /* Build configuration list for PBXNativeTarget "baseball-ump" */ = {
			isa = XCConfigurationList;
			buildConfigurations = (
				AB60B6D82ACAA1E000E1DFB3 /* Debug */,
				AB60B6D92ACAA1E000E1DFB3 /* Release */,
			);
			defaultConfigurationIsVisible = 0;
			defaultConfigurationName = Release;
		};
/* End XCConfigurationList section */
	};
	rootObject = AB60B6B72ACAA1DF00E1DFB3 /* Project object */;
}
