// !$*UTF8*$!
{
	archiveVersion = 1;
	classes = {
	};
	objectVersion = 56;
	objects = {

/* Begin PBXBuildFile section */
		AB60B68B2AC818F900E1DFB3 /* clickerApp.swift in Sources */ = {isa = PBXBuildFile; fileRef = AB60B68A2AC818F900E1DFB3 /* clickerApp.swift */; };
		AB60B68D2AC818F900E1DFB3 /* ContentView.swift in Sources */ = {isa = PBXBuildFile; fileRef = AB60B68C2AC818F900E1DFB3 /* ContentView.swift */; };
		AB60B68F2AC818FA00E1DFB3 /* Assets.xcassets in Resources */ = {isa = PBXBuildFile; fileRef = AB60B68E2AC818FA00E1DFB3 /* Assets.xcassets */; };
		AB60B6922AC818FA00E1DFB3 /* Preview Assets.xcassets in Resources */ = {isa = PBXBuildFile; fileRef = AB60B6912AC818FA00E1DFB3 /* Preview Assets.xcassets */; };
		AB60B6982AC818FA00E1DFB3 /* clicker Watch App.app in Embed Watch Content */ = {isa = PBXBuildFile; fileRef = AB60B6972AC818FA00E1DFB3 /* clicker Watch App.app */; settings = {ATTRIBUTES = (RemoveHeadersOnCopy, ); }; };
		AB60B69D2AC818FA00E1DFB3 /* clickerApp.swift in Sources */ = {isa = PBXBuildFile; fileRef = AB60B69C2AC818FA00E1DFB3 /* clickerApp.swift */; };
		AB60B69F2AC818FA00E1DFB3 /* ContentView.swift in Sources */ = {isa = PBXBuildFile; fileRef = AB60B69E2AC818FA00E1DFB3 /* ContentView.swift */; };
		AB60B6A12AC818FB00E1DFB3 /* Assets.xcassets in Resources */ = {isa = PBXBuildFile; fileRef = AB60B6A02AC818FB00E1DFB3 /* Assets.xcassets */; };
		AB60B6A42AC818FB00E1DFB3 /* Preview Assets.xcassets in Resources */ = {isa = PBXBuildFile; fileRef = AB60B6A32AC818FB00E1DFB3 /* Preview Assets.xcassets */; };
/* End PBXBuildFile section */

/* Begin PBXContainerItemProxy section */
		AB60B6992AC818FA00E1DFB3 /* PBXContainerItemProxy */ = {
			isa = PBXContainerItemProxy;
			containerPortal = AB60B67F2AC818F900E1DFB3 /* Project object */;
			proxyType = 1;
			remoteGlobalIDString = AB60B6962AC818FA00E1DFB3;
			remoteInfo = "clicker Watch App";
		};
/* End PBXContainerItemProxy section */

/* Begin PBXCopyFilesBuildPhase section */
		AB60B6AA2AC818FB00E1DFB3 /* Embed Watch Content */ = {
			isa = PBXCopyFilesBuildPhase;
			buildActionMask = 2147483647;
			dstPath = "$(CONTENTS_FOLDER_PATH)/Watch";
			dstSubfolderSpec = 16;
			files = (
				AB60B6982AC818FA00E1DFB3 /* clicker Watch App.app in Embed Watch Content */,
			);
			name = "Embed Watch Content";
			runOnlyForDeploymentPostprocessing = 0;
		};
/* End PBXCopyFilesBuildPhase section */

/* Begin PBXFileReference section */
		AB60B6872AC818F900E1DFB3 /* clicker.app */ = {isa = PBXFileReference; explicitFileType = wrapper.application; includeInIndex = 0; path = clicker.app; sourceTree = BUILT_PRODUCTS_DIR; };
		AB60B68A2AC818F900E1DFB3 /* clickerApp.swift */ = {isa = PBXFileReference; lastKnownFileType = sourcecode.swift; path = clickerApp.swift; sourceTree = "<group>"; };
		AB60B68C2AC818F900E1DFB3 /* ContentView.swift */ = {isa = PBXFileReference; lastKnownFileType = sourcecode.swift; path = ContentView.swift; sourceTree = "<group>"; };
		AB60B68E2AC818FA00E1DFB3 /* Assets.xcassets */ = {isa = PBXFileReference; lastKnownFileType = folder.assetcatalog; path = Assets.xcassets; sourceTree = "<group>"; };
		AB60B6912AC818FA00E1DFB3 /* Preview Assets.xcassets */ = {isa = PBXFileReference; lastKnownFileType = folder.assetcatalog; path = "Preview Assets.xcassets"; sourceTree = "<group>"; };
		AB60B6972AC818FA00E1DFB3 /* clicker Watch App.app */ = {isa = PBXFileReference; explicitFileType = wrapper.application; includeInIndex = 0; path = "clicker Watch App.app"; sourceTree = BUILT_PRODUCTS_DIR; };
		AB60B69C2AC818FA00E1DFB3 /* clickerApp.swift */ = {isa = PBXFileReference; lastKnownFileType = sourcecode.swift; path = clickerApp.swift; sourceTree = "<group>"; };
		AB60B69E2AC818FA00E1DFB3 /* ContentView.swift */ = {isa = PBXFileReference; lastKnownFileType = sourcecode.swift; path = ContentView.swift; sourceTree = "<group>"; };
		AB60B6A02AC818FB00E1DFB3 /* Assets.xcassets */ = {isa = PBXFileReference; lastKnownFileType = folder.assetcatalog; path = Assets.xcassets; sourceTree = "<group>"; };
		AB60B6A32AC818FB00E1DFB3 /* Preview Assets.xcassets */ = {isa = PBXFileReference; lastKnownFileType = folder.assetcatalog; path = "Preview Assets.xcassets"; sourceTree = "<group>"; };
/* End PBXFileReference section */

/* Begin PBXFrameworksBuildPhase section */
		AB60B6842AC818F900E1DFB3 /* Frameworks */ = {
			isa = PBXFrameworksBuildPhase;
			buildActionMask = 2147483647;
			files = (
			);
			runOnlyForDeploymentPostprocessing = 0;
		};
		AB60B6942AC818FA00E1DFB3 /* Frameworks */ = {
			isa = PBXFrameworksBuildPhase;
			buildActionMask = 2147483647;
			files = (
			);
			runOnlyForDeploymentPostprocessing = 0;
		};
/* End PBXFrameworksBuildPhase section */

/* Begin PBXGroup section */
		AB60B67E2AC818F900E1DFB3 = {
			isa = PBXGroup;
			children = (
				AB60B6892AC818F900E1DFB3 /* clicker */,
				AB60B69B2AC818FA00E1DFB3 /* clicker Watch App */,
				AB60B6882AC818F900E1DFB3 /* Products */,
			);
			sourceTree = "<group>";
		};
		AB60B6882AC818F900E1DFB3 /* Products */ = {
			isa = PBXGroup;
			children = (
				AB60B6872AC818F900E1DFB3 /* clicker.app */,
				AB60B6972AC818FA00E1DFB3 /* clicker Watch App.app */,
			);
			name = Products;
			sourceTree = "<group>";
		};
		AB60B6892AC818F900E1DFB3 /* clicker */ = {
			isa = PBXGroup;
			children = (
				AB60B68A2AC818F900E1DFB3 /* clickerApp.swift */,
				AB60B68C2AC818F900E1DFB3 /* ContentView.swift */,
				AB60B68E2AC818FA00E1DFB3 /* Assets.xcassets */,
				AB60B6902AC818FA00E1DFB3 /* Preview Content */,
			);
			path = clicker;
			sourceTree = "<group>";
		};
		AB60B6902AC818FA00E1DFB3 /* Preview Content */ = {
			isa = PBXGroup;
			children = (
				AB60B6912AC818FA00E1DFB3 /* Preview Assets.xcassets */,
			);
			path = "Preview Content";
			sourceTree = "<group>";
		};
		AB60B69B2AC818FA00E1DFB3 /* clicker Watch App */ = {
			isa = PBXGroup;
			children = (
				AB60B69C2AC818FA00E1DFB3 /* clickerApp.swift */,
				AB60B69E2AC818FA00E1DFB3 /* ContentView.swift */,
				AB60B6A02AC818FB00E1DFB3 /* Assets.xcassets */,
				AB60B6A22AC818FB00E1DFB3 /* Preview Content */,
			);
			path = "clicker Watch App";
			sourceTree = "<group>";
		};
		AB60B6A22AC818FB00E1DFB3 /* Preview Content */ = {
			isa = PBXGroup;
			children = (
				AB60B6A32AC818FB00E1DFB3 /* Preview Assets.xcassets */,
			);
			path = "Preview Content";
			sourceTree = "<group>";
		};
/* End PBXGroup section */

/* Begin PBXNativeTarget section */
		AB60B6862AC818F900E1DFB3 /* clicker */ = {
			isa = PBXNativeTarget;
			buildConfigurationList = AB60B6AB2AC818FB00E1DFB3 /* Build configuration list for PBXNativeTarget "clicker" */;
			buildPhases = (
				AB60B6832AC818F900E1DFB3 /* Sources */,
				AB60B6842AC818F900E1DFB3 /* Frameworks */,
				AB60B6852AC818F900E1DFB3 /* Resources */,
				AB60B6AA2AC818FB00E1DFB3 /* Embed Watch Content */,
			);
			buildRules = (
			);
			dependencies = (
				AB60B69A2AC818FA00E1DFB3 /* PBXTargetDependency */,
			);
			name = clicker;
			productName = clicker;
			productReference = AB60B6872AC818F900E1DFB3 /* clicker.app */;
			productType = "com.apple.product-type.application";
		};
		AB60B6962AC818FA00E1DFB3 /* clicker Watch App */ = {
			isa = PBXNativeTarget;
			buildConfigurationList = AB60B6A72AC818FB00E1DFB3 /* Build configuration list for PBXNativeTarget "clicker Watch App" */;
			buildPhases = (
				AB60B6932AC818FA00E1DFB3 /* Sources */,
				AB60B6942AC818FA00E1DFB3 /* Frameworks */,
				AB60B6952AC818FA00E1DFB3 /* Resources */,
			);
			buildRules = (
			);
			dependencies = (
			);
			name = "clicker Watch App";
			productName = "clicker Watch App";
			productReference = AB60B6972AC818FA00E1DFB3 /* clicker Watch App.app */;
			productType = "com.apple.product-type.application";
		};
/* End PBXNativeTarget section */

/* Begin PBXProject section */
		AB60B67F2AC818F900E1DFB3 /* Project object */ = {
			isa = PBXProject;
			attributes = {
				BuildIndependentTargetsInParallel = 1;
				LastSwiftUpdateCheck = 1500;
				LastUpgradeCheck = 1500;
				TargetAttributes = {
					AB60B6862AC818F900E1DFB3 = {
						CreatedOnToolsVersion = 15.0;
					};
					AB60B6962AC818FA00E1DFB3 = {
						CreatedOnToolsVersion = 15.0;
					};
				};
			};
			buildConfigurationList = AB60B6822AC818F900E1DFB3 /* Build configuration list for PBXProject "clicker" */;
			compatibilityVersion = "Xcode 14.0";
			developmentRegion = en;
			hasScannedForEncodings = 0;
			knownRegions = (
				en,
				Base,
			);
			mainGroup = AB60B67E2AC818F900E1DFB3;
			productRefGroup = AB60B6882AC818F900E1DFB3 /* Products */;
			projectDirPath = "";
			projectRoot = "";
			targets = (
				AB60B6862AC818F900E1DFB3 /* clicker */,
				AB60B6962AC818FA00E1DFB3 /* clicker Watch App */,
			);
		};
/* End PBXProject section */

/* Begin PBXResourcesBuildPhase section */
		AB60B6852AC818F900E1DFB3 /* Resources */ = {
			isa = PBXResourcesBuildPhase;
			buildActionMask = 2147483647;
			files = (
				AB60B6922AC818FA00E1DFB3 /* Preview Assets.xcassets in Resources */,
				AB60B68F2AC818FA00E1DFB3 /* Assets.xcassets in Resources */,
			);
			runOnlyForDeploymentPostprocessing = 0;
		};
		AB60B6952AC818FA00E1DFB3 /* Resources */ = {
			isa = PBXResourcesBuildPhase;
			buildActionMask = 2147483647;
			files = (
				AB60B6A42AC818FB00E1DFB3 /* Preview Assets.xcassets in Resources */,
				AB60B6A12AC818FB00E1DFB3 /* Assets.xcassets in Resources */,
			);
			runOnlyForDeploymentPostprocessing = 0;
		};
/* End PBXResourcesBuildPhase section */

/* Begin PBXSourcesBuildPhase section */
		AB60B6832AC818F900E1DFB3 /* Sources */ = {
			isa = PBXSourcesBuildPhase;
			buildActionMask = 2147483647;
			files = (
				AB60B68D2AC818F900E1DFB3 /* ContentView.swift in Sources */,
				AB60B68B2AC818F900E1DFB3 /* clickerApp.swift in Sources */,
			);
			runOnlyForDeploymentPostprocessing = 0;
		};
		AB60B6932AC818FA00E1DFB3 /* Sources */ = {
			isa = PBXSourcesBuildPhase;
			buildActionMask = 2147483647;
			files = (
				AB60B69F2AC818FA00E1DFB3 /* ContentView.swift in Sources */,
				AB60B69D2AC818FA00E1DFB3 /* clickerApp.swift in Sources */,
			);
			runOnlyForDeploymentPostprocessing = 0;
		};
/* End PBXSourcesBuildPhase section */

/* Begin PBXTargetDependency section */
		AB60B69A2AC818FA00E1DFB3 /* PBXTargetDependency */ = {
			isa = PBXTargetDependency;
			target = AB60B6962AC818FA00E1DFB3 /* clicker Watch App */;
			targetProxy = AB60B6992AC818FA00E1DFB3 /* PBXContainerItemProxy */;
		};
/* End PBXTargetDependency section */

/* Begin XCBuildConfiguration section */
		AB60B6A52AC818FB00E1DFB3 /* Debug */ = {
			isa = XCBuildConfiguration;
			buildSettings = {
				ALWAYS_SEARCH_USER_PATHS = NO;
				ASSETCATALOG_COMPILER_GENERATE_SWIFT_ASSET_SYMBOL_EXTENSIONS = YES;
				CLANG_ANALYZER_NONNULL = YES;
				CLANG_ANALYZER_NUMBER_OBJECT_CONVERSION = YES_AGGRESSIVE;
				CLANG_CXX_LANGUAGE_STANDARD = "gnu++20";
				CLANG_ENABLE_MODULES = YES;
				CLANG_ENABLE_OBJC_ARC = YES;
				CLANG_ENABLE_OBJC_WEAK = YES;
				CLANG_WARN_BLOCK_CAPTURE_AUTORELEASING = YES;
				CLANG_WARN_BOOL_CONVERSION = YES;
				CLANG_WARN_COMMA = YES;
				CLANG_WARN_CONSTANT_CONVERSION = YES;
				CLANG_WARN_DEPRECATED_OBJC_IMPLEMENTATIONS = YES;
				CLANG_WARN_DIRECT_OBJC_ISA_USAGE = YES_ERROR;
				CLANG_WARN_DOCUMENTATION_COMMENTS = YES;
				CLANG_WARN_EMPTY_BODY = YES;
				CLANG_WARN_ENUM_CONVERSION = YES;
				CLANG_WARN_INFINITE_RECURSION = YES;
				CLANG_WARN_INT_CONVERSION = YES;
				CLANG_WARN_NON_LITERAL_NULL_CONVERSION = YES;
				CLANG_WARN_OBJC_IMPLICIT_RETAIN_SELF = YES;
				CLANG_WARN_OBJC_LITERAL_CONVERSION = YES;
				CLANG_WARN_OBJC_ROOT_CLASS = YES_ERROR;
				CLANG_WARN_QUOTED_INCLUDE_IN_FRAMEWORK_HEADER = YES;
				CLANG_WARN_RANGE_LOOP_ANALYSIS = YES;
				CLANG_WARN_STRICT_PROTOTYPES = YES;
				CLANG_WARN_SUSPICIOUS_MOVE = YES;
				CLANG_WARN_UNGUARDED_AVAILABILITY = YES_AGGRESSIVE;
				CLANG_WARN_UNREACHABLE_CODE = YES;
				CLANG_WARN__DUPLICATE_METHOD_MATCH = YES;
				COPY_PHASE_STRIP = NO;
				DEBUG_INFORMATION_FORMAT = dwarf;
				ENABLE_STRICT_OBJC_MSGSEND = YES;
				ENABLE_TESTABILITY = YES;
				ENABLE_USER_SCRIPT_SANDBOXING = YES;
				GCC_C_LANGUAGE_STANDARD = gnu17;
				GCC_DYNAMIC_NO_PIC = NO;
				GCC_NO_COMMON_BLOCKS = YES;
				GCC_OPTIMIZATION_LEVEL = 0;
				GCC_PREPROCESSOR_DEFINITIONS = (
					"DEBUG=1",
					"$(inherited)",
				);
				GCC_WARN_64_TO_32_BIT_CONVERSION = YES;
				GCC_WARN_ABOUT_RETURN_TYPE = YES_ERROR;
				GCC_WARN_UNDECLARED_SELECTOR = YES;
				GCC_WARN_UNINITIALIZED_AUTOS = YES_AGGRESSIVE;
				GCC_WARN_UNUSED_FUNCTION = YES;
				GCC_WARN_UNUSED_VARIABLE = YES;
				LOCALIZATION_PREFERS_STRING_CATALOGS = YES;
				MTL_ENABLE_DEBUG_INFO = INCLUDE_SOURCE;
				MTL_FAST_MATH = YES;
				ONLY_ACTIVE_ARCH = YES;
				SWIFT_ACTIVE_COMPILATION_CONDITIONS = "DEBUG $(inherited)";
				SWIFT_OPTIMIZATION_LEVEL = "-Onone";
			};
			name = Debug;
		};
		AB60B6A62AC818FB00E1DFB3 /* Release */ = {
			isa = XCBuildConfiguration;
			buildSettings = {
				ALWAYS_SEARCH_USER_PATHS = NO;
				ASSETCATALOG_COMPILER_GENERATE_SWIFT_ASSET_SYMBOL_EXTENSIONS = YES;
				CLANG_ANALYZER_NONNULL = YES;
				CLANG_ANALYZER_NUMBER_OBJECT_CONVERSION = YES_AGGRESSIVE;
				CLANG_CXX_LANGUAGE_STANDARD = "gnu++20";
				CLANG_ENABLE_MODULES = YES;
				CLANG_ENABLE_OBJC_ARC = YES;
				CLANG_ENABLE_OBJC_WEAK = YES;
				CLANG_WARN_BLOCK_CAPTURE_AUTORELEASING = YES;
				CLANG_WARN_BOOL_CONVERSION = YES;
				CLANG_WARN_COMMA = YES;
				CLANG_WARN_CONSTANT_CONVERSION = YES;
				CLANG_WARN_DEPRECATED_OBJC_IMPLEMENTATIONS = YES;
				CLANG_WARN_DIRECT_OBJC_ISA_USAGE = YES_ERROR;
				CLANG_WARN_DOCUMENTATION_COMMENTS = YES;
				CLANG_WARN_EMPTY_BODY = YES;
				CLANG_WARN_ENUM_CONVERSION = YES;
				CLANG_WARN_INFINITE_RECURSION = YES;
				CLANG_WARN_INT_CONVERSION = YES;
				CLANG_WARN_NON_LITERAL_NULL_CONVERSION = YES;
				CLANG_WARN_OBJC_IMPLICIT_RETAIN_SELF = YES;
				CLANG_WARN_OBJC_LITERAL_CONVERSION = YES;
				CLANG_WARN_OBJC_ROOT_CLASS = YES_ERROR;
				CLANG_WARN_QUOTED_INCLUDE_IN_FRAMEWORK_HEADER = YES;
				CLANG_WARN_RANGE_LOOP_ANALYSIS = YES;
				CLANG_WARN_STRICT_PROTOTYPES = YES;
				CLANG_WARN_SUSPICIOUS_MOVE = YES;
				CLANG_WARN_UNGUARDED_AVAILABILITY = YES_AGGRESSIVE;
				CLANG_WARN_UNREACHABLE_CODE = YES;
				CLANG_WARN__DUPLICATE_METHOD_MATCH = YES;
				COPY_PHASE_STRIP = NO;
				DEBUG_INFORMATION_FORMAT = "dwarf-with-dsym";
				ENABLE_NS_ASSERTIONS = NO;
				ENABLE_STRICT_OBJC_MSGSEND = YES;
				ENABLE_USER_SCRIPT_SANDBOXING = YES;
				GCC_C_LANGUAGE_STANDARD = gnu17;
				GCC_NO_COMMON_BLOCKS = YES;
				GCC_WARN_64_TO_32_BIT_CONVERSION = YES;
				GCC_WARN_ABOUT_RETURN_TYPE = YES_ERROR;
				GCC_WARN_UNDECLARED_SELECTOR = YES;
				GCC_WARN_UNINITIALIZED_AUTOS = YES_AGGRESSIVE;
				GCC_WARN_UNUSED_FUNCTION = YES;
				GCC_WARN_UNUSED_VARIABLE = YES;
				LOCALIZATION_PREFERS_STRING_CATALOGS = YES;
				MTL_ENABLE_DEBUG_INFO = NO;
				MTL_FAST_MATH = YES;
				SWIFT_COMPILATION_MODE = wholemodule;
			};
			name = Release;
		};
		AB60B6A82AC818FB00E1DFB3 /* Debug */ = {
			isa = XCBuildConfiguration;
			buildSettings = {
				ASSETCATALOG_COMPILER_APPICON_NAME = AppIcon;
				ASSETCATALOG_COMPILER_GLOBAL_ACCENT_COLOR_NAME = AccentColor;
				CODE_SIGN_STYLE = Automatic;
				CURRENT_PROJECT_VERSION = 1;
				DEVELOPMENT_ASSET_PATHS = "\"clicker Watch App/Preview Content\"";
				DEVELOPMENT_TEAM = 5TXX7B273Y;
				ENABLE_PREVIEWS = YES;
				GENERATE_INFOPLIST_FILE = YES;
				INFOPLIST_KEY_CFBundleDisplayName = clicker;
				INFOPLIST_KEY_UISupportedInterfaceOrientations = "UIInterfaceOrientationPortrait UIInterfaceOrientationPortraitUpsideDown";
				INFOPLIST_KEY_WKCompanionAppBundleIdentifier = github.com.djmin43.clicker;
				LD_RUNPATH_SEARCH_PATHS = (
					"$(inherited)",
					"@executable_path/Frameworks",
				);
				MARKETING_VERSION = 1.0;
				PRODUCT_BUNDLE_IDENTIFIER = github.com.djmin43.clicker.watchkitapp;
				PRODUCT_NAME = "$(TARGET_NAME)";
				SDKROOT = watchos;
				SKIP_INSTALL = YES;
				SWIFT_EMIT_LOC_STRINGS = YES;
				SWIFT_VERSION = 5.0;
				TARGETED_DEVICE_FAMILY = 4;
				WATCHOS_DEPLOYMENT_TARGET = 10.0;
			};
			name = Debug;
		};
		AB60B6A92AC818FB00E1DFB3 /* Release */ = {
			isa = XCBuildConfiguration;
			buildSettings = {
				ASSETCATALOG_COMPILER_APPICON_NAME = AppIcon;
				ASSETCATALOG_COMPILER_GLOBAL_ACCENT_COLOR_NAME = AccentColor;
				CODE_SIGN_STYLE = Automatic;
				CURRENT_PROJECT_VERSION = 1;
				DEVELOPMENT_ASSET_PATHS = "\"clicker Watch App/Preview Content\"";
				DEVELOPMENT_TEAM = 5TXX7B273Y;
				ENABLE_PREVIEWS = YES;
				GENERATE_INFOPLIST_FILE = YES;
				INFOPLIST_KEY_CFBundleDisplayName = clicker;
				INFOPLIST_KEY_UISupportedInterfaceOrientations = "UIInterfaceOrientationPortrait UIInterfaceOrientationPortraitUpsideDown";
				INFOPLIST_KEY_WKCompanionAppBundleIdentifier = github.com.djmin43.clicker;
				LD_RUNPATH_SEARCH_PATHS = (
					"$(inherited)",
					"@executable_path/Frameworks",
				);
				MARKETING_VERSION = 1.0;
				PRODUCT_BUNDLE_IDENTIFIER = github.com.djmin43.clicker.watchkitapp;
				PRODUCT_NAME = "$(TARGET_NAME)";
				SDKROOT = watchos;
				SKIP_INSTALL = YES;
				SWIFT_EMIT_LOC_STRINGS = YES;
				SWIFT_VERSION = 5.0;
				TARGETED_DEVICE_FAMILY = 4;
				VALIDATE_PRODUCT = YES;
				WATCHOS_DEPLOYMENT_TARGET = 10.0;
			};
			name = Release;
		};
		AB60B6AC2AC818FB00E1DFB3 /* Debug */ = {
			isa = XCBuildConfiguration;
			buildSettings = {
				ALWAYS_EMBED_SWIFT_STANDARD_LIBRARIES = YES;
				ASSETCATALOG_COMPILER_APPICON_NAME = AppIcon;
				ASSETCATALOG_COMPILER_GLOBAL_ACCENT_COLOR_NAME = AccentColor;
				CODE_SIGN_STYLE = Automatic;
				CURRENT_PROJECT_VERSION = 1;
				DEVELOPMENT_ASSET_PATHS = "\"clicker/Preview Content\"";
				DEVELOPMENT_TEAM = 5TXX7B273Y;
				ENABLE_PREVIEWS = YES;
				GENERATE_INFOPLIST_FILE = YES;
				INFOPLIST_KEY_CFBundleDisplayName = clicker;
				INFOPLIST_KEY_UIApplicationSceneManifest_Generation = YES;
				INFOPLIST_KEY_UIApplicationSupportsIndirectInputEvents = YES;
				INFOPLIST_KEY_UILaunchScreen_Generation = YES;
				INFOPLIST_KEY_UISupportedInterfaceOrientations_iPad = "UIInterfaceOrientationPortrait UIInterfaceOrientationPortraitUpsideDown UIInterfaceOrientationLandscapeLeft UIInterfaceOrientationLandscapeRight";
				INFOPLIST_KEY_UISupportedInterfaceOrientations_iPhone = "UIInterfaceOrientationPortrait UIInterfaceOrientationLandscapeLeft UIInterfaceOrientationLandscapeRight";
				IPHONEOS_DEPLOYMENT_TARGET = 17.0;
				LD_RUNPATH_SEARCH_PATHS = (
					"$(inherited)",
					"@executable_path/Frameworks",
				);
				MARKETING_VERSION = 1.0;
				PRODUCT_BUNDLE_IDENTIFIER = github.com.djmin43.clicker;
				PRODUCT_NAME = "$(TARGET_NAME)";
				SDKROOT = iphoneos;
				SWIFT_EMIT_LOC_STRINGS = YES;
				SWIFT_VERSION = 5.0;
				TARGETED_DEVICE_FAMILY = "1,2";
			};
			name = Debug;
		};
		AB60B6AD2AC818FB00E1DFB3 /* Release */ = {
			isa = XCBuildConfiguration;
			buildSettings = {
				ALWAYS_EMBED_SWIFT_STANDARD_LIBRARIES = YES;
				ASSETCATALOG_COMPILER_APPICON_NAME = AppIcon;
				ASSETCATALOG_COMPILER_GLOBAL_ACCENT_COLOR_NAME = AccentColor;
				CODE_SIGN_STYLE = Automatic;
				CURRENT_PROJECT_VERSION = 1;
				DEVELOPMENT_ASSET_PATHS = "\"clicker/Preview Content\"";
				DEVELOPMENT_TEAM = 5TXX7B273Y;
				ENABLE_PREVIEWS = YES;
				GENERATE_INFOPLIST_FILE = YES;
				INFOPLIST_KEY_CFBundleDisplayName = clicker;
				INFOPLIST_KEY_UIApplicationSceneManifest_Generation = YES;
				INFOPLIST_KEY_UIApplicationSupportsIndirectInputEvents = YES;
				INFOPLIST_KEY_UILaunchScreen_Generation = YES;
				INFOPLIST_KEY_UISupportedInterfaceOrientations_iPad = "UIInterfaceOrientationPortrait UIInterfaceOrientationPortraitUpsideDown UIInterfaceOrientationLandscapeLeft UIInterfaceOrientationLandscapeRight";
				INFOPLIST_KEY_UISupportedInterfaceOrientations_iPhone = "UIInterfaceOrientationPortrait UIInterfaceOrientationLandscapeLeft UIInterfaceOrientationLandscapeRight";
				IPHONEOS_DEPLOYMENT_TARGET = 17.0;
				LD_RUNPATH_SEARCH_PATHS = (
					"$(inherited)",
					"@executable_path/Frameworks",
				);
				MARKETING_VERSION = 1.0;
				PRODUCT_BUNDLE_IDENTIFIER = github.com.djmin43.clicker;
				PRODUCT_NAME = "$(TARGET_NAME)";
				SDKROOT = iphoneos;
				SWIFT_EMIT_LOC_STRINGS = YES;
				SWIFT_VERSION = 5.0;
				TARGETED_DEVICE_FAMILY = "1,2";
				VALIDATE_PRODUCT = YES;
			};
			name = Release;
		};
/* End XCBuildConfiguration section */

/* Begin XCConfigurationList section */
		AB60B6822AC818F900E1DFB3 /* Build configuration list for PBXProject "clicker" */ = {
			isa = XCConfigurationList;
			buildConfigurations = (
				AB60B6A52AC818FB00E1DFB3 /* Debug */,
				AB60B6A62AC818FB00E1DFB3 /* Release */,
			);
			defaultConfigurationIsVisible = 0;
			defaultConfigurationName = Release;
		};
		AB60B6A72AC818FB00E1DFB3 /* Build configuration list for PBXNativeTarget "clicker Watch App" */ = {
			isa = XCConfigurationList;
			buildConfigurations = (
				AB60B6A82AC818FB00E1DFB3 /* Debug */,
				AB60B6A92AC818FB00E1DFB3 /* Release */,
			);
			defaultConfigurationIsVisible = 0;
			defaultConfigurationName = Release;
		};
		AB60B6AB2AC818FB00E1DFB3 /* Build configuration list for PBXNativeTarget "clicker" */ = {
			isa = XCConfigurationList;
			buildConfigurations = (
				AB60B6AC2AC818FB00E1DFB3 /* Debug */,
				AB60B6AD2AC818FB00E1DFB3 /* Release */,
			);
			defaultConfigurationIsVisible = 0;
			defaultConfigurationName = Release;
		};
/* End XCConfigurationList section */
	};
	rootObject = AB60B67F2AC818F900E1DFB3 /* Project object */;
}
