// !$*UTF8*$!
{
	archiveVersion = 1;
	classes = {
	};
	objectVersion = 55;
	objects = {

/* Begin PBXBuildFile section */
		AB35E96B28BD84CE00D3F486 /* AppDelegate.swift in Sources */ = {isa = PBXBuildFile; fileRef = AB35E96A28BD84CE00D3F486 /* AppDelegate.swift */; };
		AB35E96D28BD84CE00D3F486 /* SceneDelegate.swift in Sources */ = {isa = PBXBuildFile; fileRef = AB35E96C28BD84CE00D3F486 /* SceneDelegate.swift */; };
		AB35E96F28BD84CE00D3F486 /* ViewController.swift in Sources */ = {isa = PBXBuildFile; fileRef = AB35E96E28BD84CE00D3F486 /* ViewController.swift */; };
		AB35E97228BD84CE00D3F486 /* Main.storyboard in Resources */ = {isa = PBXBuildFile; fileRef = AB35E97028BD84CE00D3F486 /* Main.storyboard */; };
		AB35E97428BD84CF00D3F486 /* Assets.xcassets in Resources */ = {isa = PBXBuildFile; fileRef = AB35E97328BD84CF00D3F486 /* Assets.xcassets */; };
		AB35E97728BD84CF00D3F486 /* LaunchScreen.storyboard in Resources */ = {isa = PBXBuildFile; fileRef = AB35E97528BD84CF00D3F486 /* LaunchScreen.storyboard */; };
		AB35E98228BD84CF00D3F486 /* hello_worldTests.swift in Sources */ = {isa = PBXBuildFile; fileRef = AB35E98128BD84CF00D3F486 /* hello_worldTests.swift */; };
		AB35E98C28BD84CF00D3F486 /* hello_worldUITests.swift in Sources */ = {isa = PBXBuildFile; fileRef = AB35E98B28BD84CF00D3F486 /* hello_worldUITests.swift */; };
		AB35E98E28BD84CF00D3F486 /* hello_worldUITestsLaunchTests.swift in Sources */ = {isa = PBXBuildFile; fileRef = AB35E98D28BD84CF00D3F486 /* hello_worldUITestsLaunchTests.swift */; };
/* End PBXBuildFile section */

/* Begin PBXContainerItemProxy section */
		AB35E97E28BD84CF00D3F486 /* PBXContainerItemProxy */ = {
			isa = PBXContainerItemProxy;
			containerPortal = AB35E95F28BD84CE00D3F486 /* Project object */;
			proxyType = 1;
			remoteGlobalIDString = AB35E96628BD84CE00D3F486;
			remoteInfo = hello_world;
		};
		AB35E98828BD84CF00D3F486 /* PBXContainerItemProxy */ = {
			isa = PBXContainerItemProxy;
			containerPortal = AB35E95F28BD84CE00D3F486 /* Project object */;
			proxyType = 1;
			remoteGlobalIDString = AB35E96628BD84CE00D3F486;
			remoteInfo = hello_world;
		};
/* End PBXContainerItemProxy section */

/* Begin PBXFileReference section */
		AB35E96728BD84CE00D3F486 /* hello_world.app */ = {isa = PBXFileReference; explicitFileType = wrapper.application; includeInIndex = 0; path = hello_world.app; sourceTree = BUILT_PRODUCTS_DIR; };
		AB35E96A28BD84CE00D3F486 /* AppDelegate.swift */ = {isa = PBXFileReference; lastKnownFileType = sourcecode.swift; path = AppDelegate.swift; sourceTree = "<group>"; };
		AB35E96C28BD84CE00D3F486 /* SceneDelegate.swift */ = {isa = PBXFileReference; lastKnownFileType = sourcecode.swift; path = SceneDelegate.swift; sourceTree = "<group>"; };
		AB35E96E28BD84CE00D3F486 /* ViewController.swift */ = {isa = PBXFileReference; lastKnownFileType = sourcecode.swift; path = ViewController.swift; sourceTree = "<group>"; };
		AB35E97128BD84CE00D3F486 /* Base */ = {isa = PBXFileReference; lastKnownFileType = file.storyboard; name = Base; path = Base.lproj/Main.storyboard; sourceTree = "<group>"; };
		AB35E97328BD84CF00D3F486 /* Assets.xcassets */ = {isa = PBXFileReference; lastKnownFileType = folder.assetcatalog; path = Assets.xcassets; sourceTree = "<group>"; };
		AB35E97628BD84CF00D3F486 /* Base */ = {isa = PBXFileReference; lastKnownFileType = file.storyboard; name = Base; path = Base.lproj/LaunchScreen.storyboard; sourceTree = "<group>"; };
		AB35E97828BD84CF00D3F486 /* Info.plist */ = {isa = PBXFileReference; lastKnownFileType = text.plist.xml; path = Info.plist; sourceTree = "<group>"; };
		AB35E97D28BD84CF00D3F486 /* hello_worldTests.xctest */ = {isa = PBXFileReference; explicitFileType = wrapper.cfbundle; includeInIndex = 0; path = hello_worldTests.xctest; sourceTree = BUILT_PRODUCTS_DIR; };
		AB35E98128BD84CF00D3F486 /* hello_worldTests.swift */ = {isa = PBXFileReference; lastKnownFileType = sourcecode.swift; path = hello_worldTests.swift; sourceTree = "<group>"; };
		AB35E98728BD84CF00D3F486 /* hello_worldUITests.xctest */ = {isa = PBXFileReference; explicitFileType = wrapper.cfbundle; includeInIndex = 0; path = hello_worldUITests.xctest; sourceTree = BUILT_PRODUCTS_DIR; };
		AB35E98B28BD84CF00D3F486 /* hello_worldUITests.swift */ = {isa = PBXFileReference; lastKnownFileType = sourcecode.swift; path = hello_worldUITests.swift; sourceTree = "<group>"; };
		AB35E98D28BD84CF00D3F486 /* hello_worldUITestsLaunchTests.swift */ = {isa = PBXFileReference; lastKnownFileType = sourcecode.swift; path = hello_worldUITestsLaunchTests.swift; sourceTree = "<group>"; };
/* End PBXFileReference section */

/* Begin PBXFrameworksBuildPhase section */
		AB35E96428BD84CE00D3F486 /* Frameworks */ = {
			isa = PBXFrameworksBuildPhase;
			buildActionMask = 2147483647;
			files = (
			);
			runOnlyForDeploymentPostprocessing = 0;
		};
		AB35E97A28BD84CF00D3F486 /* Frameworks */ = {
			isa = PBXFrameworksBuildPhase;
			buildActionMask = 2147483647;
			files = (
			);
			runOnlyForDeploymentPostprocessing = 0;
		};
		AB35E98428BD84CF00D3F486 /* Frameworks */ = {
			isa = PBXFrameworksBuildPhase;
			buildActionMask = 2147483647;
			files = (
			);
			runOnlyForDeploymentPostprocessing = 0;
		};
/* End PBXFrameworksBuildPhase section */

/* Begin PBXGroup section */
		AB35E95E28BD84CE00D3F486 = {
			isa = PBXGroup;
			children = (
				AB35E96928BD84CE00D3F486 /* hello_world */,
				AB35E98028BD84CF00D3F486 /* hello_worldTests */,
				AB35E98A28BD84CF00D3F486 /* hello_worldUITests */,
				AB35E96828BD84CE00D3F486 /* Products */,
			);
			sourceTree = "<group>";
		};
		AB35E96828BD84CE00D3F486 /* Products */ = {
			isa = PBXGroup;
			children = (
				AB35E96728BD84CE00D3F486 /* hello_world.app */,
				AB35E97D28BD84CF00D3F486 /* hello_worldTests.xctest */,
				AB35E98728BD84CF00D3F486 /* hello_worldUITests.xctest */,
			);
			name = Products;
			sourceTree = "<group>";
		};
		AB35E96928BD84CE00D3F486 /* hello_world */ = {
			isa = PBXGroup;
			children = (
				AB35E96A28BD84CE00D3F486 /* AppDelegate.swift */,
				AB35E96C28BD84CE00D3F486 /* SceneDelegate.swift */,
				AB35E96E28BD84CE00D3F486 /* ViewController.swift */,
				AB35E97028BD84CE00D3F486 /* Main.storyboard */,
				AB35E97328BD84CF00D3F486 /* Assets.xcassets */,
				AB35E97528BD84CF00D3F486 /* LaunchScreen.storyboard */,
				AB35E97828BD84CF00D3F486 /* Info.plist */,
			);
			path = hello_world;
			sourceTree = "<group>";
		};
		AB35E98028BD84CF00D3F486 /* hello_worldTests */ = {
			isa = PBXGroup;
			children = (
				AB35E98128BD84CF00D3F486 /* hello_worldTests.swift */,
			);
			path = hello_worldTests;
			sourceTree = "<group>";
		};
		AB35E98A28BD84CF00D3F486 /* hello_worldUITests */ = {
			isa = PBXGroup;
			children = (
				AB35E98B28BD84CF00D3F486 /* hello_worldUITests.swift */,
				AB35E98D28BD84CF00D3F486 /* hello_worldUITestsLaunchTests.swift */,
			);
			path = hello_worldUITests;
			sourceTree = "<group>";
		};
/* End PBXGroup section */

/* Begin PBXNativeTarget section */
		AB35E96628BD84CE00D3F486 /* hello_world */ = {
			isa = PBXNativeTarget;
			buildConfigurationList = AB35E99128BD84CF00D3F486 /* Build configuration list for PBXNativeTarget "hello_world" */;
			buildPhases = (
				AB35E96328BD84CE00D3F486 /* Sources */,
				AB35E96428BD84CE00D3F486 /* Frameworks */,
				AB35E96528BD84CE00D3F486 /* Resources */,
			);
			buildRules = (
			);
			dependencies = (
			);
			name = hello_world;
			productName = hello_world;
			productReference = AB35E96728BD84CE00D3F486 /* hello_world.app */;
			productType = "com.apple.product-type.application";
		};
		AB35E97C28BD84CF00D3F486 /* hello_worldTests */ = {
			isa = PBXNativeTarget;
			buildConfigurationList = AB35E99428BD84CF00D3F486 /* Build configuration list for PBXNativeTarget "hello_worldTests" */;
			buildPhases = (
				AB35E97928BD84CF00D3F486 /* Sources */,
				AB35E97A28BD84CF00D3F486 /* Frameworks */,
				AB35E97B28BD84CF00D3F486 /* Resources */,
			);
			buildRules = (
			);
			dependencies = (
				AB35E97F28BD84CF00D3F486 /* PBXTargetDependency */,
			);
			name = hello_worldTests;
			productName = hello_worldTests;
			productReference = AB35E97D28BD84CF00D3F486 /* hello_worldTests.xctest */;
			productType = "com.apple.product-type.bundle.unit-test";
		};
		AB35E98628BD84CF00D3F486 /* hello_worldUITests */ = {
			isa = PBXNativeTarget;
			buildConfigurationList = AB35E99728BD84CF00D3F486 /* Build configuration list for PBXNativeTarget "hello_worldUITests" */;
			buildPhases = (
				AB35E98328BD84CF00D3F486 /* Sources */,
				AB35E98428BD84CF00D3F486 /* Frameworks */,
				AB35E98528BD84CF00D3F486 /* Resources */,
			);
			buildRules = (
			);
			dependencies = (
				AB35E98928BD84CF00D3F486 /* PBXTargetDependency */,
			);
			name = hello_worldUITests;
			productName = hello_worldUITests;
			productReference = AB35E98728BD84CF00D3F486 /* hello_worldUITests.xctest */;
			productType = "com.apple.product-type.bundle.ui-testing";
		};
/* End PBXNativeTarget section */

/* Begin PBXProject section */
		AB35E95F28BD84CE00D3F486 /* Project object */ = {
			isa = PBXProject;
			attributes = {
				BuildIndependentTargetsInParallel = 1;
				LastSwiftUpdateCheck = 1340;
				LastUpgradeCheck = 1340;
				TargetAttributes = {
					AB35E96628BD84CE00D3F486 = {
						CreatedOnToolsVersion = 13.4.1;
					};
					AB35E97C28BD84CF00D3F486 = {
						CreatedOnToolsVersion = 13.4.1;
						TestTargetID = AB35E96628BD84CE00D3F486;
					};
					AB35E98628BD84CF00D3F486 = {
						CreatedOnToolsVersion = 13.4.1;
						TestTargetID = AB35E96628BD84CE00D3F486;
					};
				};
			};
			buildConfigurationList = AB35E96228BD84CE00D3F486 /* Build configuration list for PBXProject "hello_world" */;
			compatibilityVersion = "Xcode 13.0";
			developmentRegion = en;
			hasScannedForEncodings = 0;
			knownRegions = (
				en,
				Base,
			);
			mainGroup = AB35E95E28BD84CE00D3F486;
			productRefGroup = AB35E96828BD84CE00D3F486 /* Products */;
			projectDirPath = "";
			projectRoot = "";
			targets = (
				AB35E96628BD84CE00D3F486 /* hello_world */,
				AB35E97C28BD84CF00D3F486 /* hello_worldTests */,
				AB35E98628BD84CF00D3F486 /* hello_worldUITests */,
			);
		};
/* End PBXProject section */

/* Begin PBXResourcesBuildPhase section */
		AB35E96528BD84CE00D3F486 /* Resources */ = {
			isa = PBXResourcesBuildPhase;
			buildActionMask = 2147483647;
			files = (
				AB35E97728BD84CF00D3F486 /* LaunchScreen.storyboard in Resources */,
				AB35E97428BD84CF00D3F486 /* Assets.xcassets in Resources */,
				AB35E97228BD84CE00D3F486 /* Main.storyboard in Resources */,
			);
			runOnlyForDeploymentPostprocessing = 0;
		};
		AB35E97B28BD84CF00D3F486 /* Resources */ = {
			isa = PBXResourcesBuildPhase;
			buildActionMask = 2147483647;
			files = (
			);
			runOnlyForDeploymentPostprocessing = 0;
		};
		AB35E98528BD84CF00D3F486 /* Resources */ = {
			isa = PBXResourcesBuildPhase;
			buildActionMask = 2147483647;
			files = (
			);
			runOnlyForDeploymentPostprocessing = 0;
		};
/* End PBXResourcesBuildPhase section */

/* Begin PBXSourcesBuildPhase section */
		AB35E96328BD84CE00D3F486 /* Sources */ = {
			isa = PBXSourcesBuildPhase;
			buildActionMask = 2147483647;
			files = (
				AB35E96F28BD84CE00D3F486 /* ViewController.swift in Sources */,
				AB35E96B28BD84CE00D3F486 /* AppDelegate.swift in Sources */,
				AB35E96D28BD84CE00D3F486 /* SceneDelegate.swift in Sources */,
			);
			runOnlyForDeploymentPostprocessing = 0;
		};
		AB35E97928BD84CF00D3F486 /* Sources */ = {
			isa = PBXSourcesBuildPhase;
			buildActionMask = 2147483647;
			files = (
				AB35E98228BD84CF00D3F486 /* hello_worldTests.swift in Sources */,
			);
			runOnlyForDeploymentPostprocessing = 0;
		};
		AB35E98328BD84CF00D3F486 /* Sources */ = {
			isa = PBXSourcesBuildPhase;
			buildActionMask = 2147483647;
			files = (
				AB35E98E28BD84CF00D3F486 /* hello_worldUITestsLaunchTests.swift in Sources */,
				AB35E98C28BD84CF00D3F486 /* hello_worldUITests.swift in Sources */,
			);
			runOnlyForDeploymentPostprocessing = 0;
		};
/* End PBXSourcesBuildPhase section */

/* Begin PBXTargetDependency section */
		AB35E97F28BD84CF00D3F486 /* PBXTargetDependency */ = {
			isa = PBXTargetDependency;
			target = AB35E96628BD84CE00D3F486 /* hello_world */;
			targetProxy = AB35E97E28BD84CF00D3F486 /* PBXContainerItemProxy */;
		};
		AB35E98928BD84CF00D3F486 /* PBXTargetDependency */ = {
			isa = PBXTargetDependency;
			target = AB35E96628BD84CE00D3F486 /* hello_world */;
			targetProxy = AB35E98828BD84CF00D3F486 /* PBXContainerItemProxy */;
		};
/* End PBXTargetDependency section */

/* Begin PBXVariantGroup section */
		AB35E97028BD84CE00D3F486 /* Main.storyboard */ = {
			isa = PBXVariantGroup;
			children = (
				AB35E97128BD84CE00D3F486 /* Base */,
			);
			name = Main.storyboard;
			sourceTree = "<group>";
		};
		AB35E97528BD84CF00D3F486 /* LaunchScreen.storyboard */ = {
			isa = PBXVariantGroup;
			children = (
				AB35E97628BD84CF00D3F486 /* Base */,
			);
			name = LaunchScreen.storyboard;
			sourceTree = "<group>";
		};
/* End PBXVariantGroup section */

/* Begin XCBuildConfiguration section */
		AB35E98F28BD84CF00D3F486 /* Debug */ = {
			isa = XCBuildConfiguration;
			buildSettings = {
				ALWAYS_SEARCH_USER_PATHS = NO;
				CLANG_ANALYZER_NONNULL = YES;
				CLANG_ANALYZER_NUMBER_OBJECT_CONVERSION = YES_AGGRESSIVE;
				CLANG_CXX_LANGUAGE_STANDARD = "gnu++17";
				CLANG_ENABLE_MODULES = YES;
				CLANG_ENABLE_OBJC_ARC = YES;
				CLANG_ENABLE_OBJC_WEAK = YES;
				CLANG_WARN_BLOCK_CAPTURE_AUTORELEASING = YES;
				CLANG_WARN_BOOL_CONVERSION = YES;
				CLANG_WARN_COMMA = YES;
				CLANG_WARN_CONSTANT_CONVERSION = YES;
				CLANG_WARN_DEPRECATED_OBJC_IMPLEMENTATIONS = YES;
				CLANG_WARN_DIRECT_OBJC_ISA_USAGE = YES_ERROR;
				CLANG_WARN_DOCUMENTATION_COMMENTS = YES;
				CLANG_WARN_EMPTY_BODY = YES;
				CLANG_WARN_ENUM_CONVERSION = YES;
				CLANG_WARN_INFINITE_RECURSION = YES;
				CLANG_WARN_INT_CONVERSION = YES;
				CLANG_WARN_NON_LITERAL_NULL_CONVERSION = YES;
				CLANG_WARN_OBJC_IMPLICIT_RETAIN_SELF = YES;
				CLANG_WARN_OBJC_LITERAL_CONVERSION = YES;
				CLANG_WARN_OBJC_ROOT_CLASS = YES_ERROR;
				CLANG_WARN_QUOTED_INCLUDE_IN_FRAMEWORK_HEADER = YES;
				CLANG_WARN_RANGE_LOOP_ANALYSIS = YES;
				CLANG_WARN_STRICT_PROTOTYPES = YES;
				CLANG_WARN_SUSPICIOUS_MOVE = YES;
				CLANG_WARN_UNGUARDED_AVAILABILITY = YES_AGGRESSIVE;
				CLANG_WARN_UNREACHABLE_CODE = YES;
				CLANG_WARN__DUPLICATE_METHOD_MATCH = YES;
				COPY_PHASE_STRIP = NO;
				DEBUG_INFORMATION_FORMAT = dwarf;
				ENABLE_STRICT_OBJC_MSGSEND = YES;
				ENABLE_TESTABILITY = YES;
				GCC_C_LANGUAGE_STANDARD = gnu11;
				GCC_DYNAMIC_NO_PIC = NO;
				GCC_NO_COMMON_BLOCKS = YES;
				GCC_OPTIMIZATION_LEVEL = 0;
				GCC_PREPROCESSOR_DEFINITIONS = (
					"DEBUG=1",
					"$(inherited)",
				);
				GCC_WARN_64_TO_32_BIT_CONVERSION = YES;
				GCC_WARN_ABOUT_RETURN_TYPE = YES_ERROR;
				GCC_WARN_UNDECLARED_SELECTOR = YES;
				GCC_WARN_UNINITIALIZED_AUTOS = YES_AGGRESSIVE;
				GCC_WARN_UNUSED_FUNCTION = YES;
				GCC_WARN_UNUSED_VARIABLE = YES;
				IPHONEOS_DEPLOYMENT_TARGET = 15.5;
				MTL_ENABLE_DEBUG_INFO = INCLUDE_SOURCE;
				MTL_FAST_MATH = YES;
				ONLY_ACTIVE_ARCH = YES;
				SDKROOT = iphoneos;
				SWIFT_ACTIVE_COMPILATION_CONDITIONS = DEBUG;
				SWIFT_OPTIMIZATION_LEVEL = "-Onone";
			};
			name = Debug;
		};
		AB35E99028BD84CF00D3F486 /* Release */ = {
			isa = XCBuildConfiguration;
			buildSettings = {
				ALWAYS_SEARCH_USER_PATHS = NO;
				CLANG_ANALYZER_NONNULL = YES;
				CLANG_ANALYZER_NUMBER_OBJECT_CONVERSION = YES_AGGRESSIVE;
				CLANG_CXX_LANGUAGE_STANDARD = "gnu++17";
				CLANG_ENABLE_MODULES = YES;
				CLANG_ENABLE_OBJC_ARC = YES;
				CLANG_ENABLE_OBJC_WEAK = YES;
				CLANG_WARN_BLOCK_CAPTURE_AUTORELEASING = YES;
				CLANG_WARN_BOOL_CONVERSION = YES;
				CLANG_WARN_COMMA = YES;
				CLANG_WARN_CONSTANT_CONVERSION = YES;
				CLANG_WARN_DEPRECATED_OBJC_IMPLEMENTATIONS = YES;
				CLANG_WARN_DIRECT_OBJC_ISA_USAGE = YES_ERROR;
				CLANG_WARN_DOCUMENTATION_COMMENTS = YES;
				CLANG_WARN_EMPTY_BODY = YES;
				CLANG_WARN_ENUM_CONVERSION = YES;
				CLANG_WARN_INFINITE_RECURSION = YES;
				CLANG_WARN_INT_CONVERSION = YES;
				CLANG_WARN_NON_LITERAL_NULL_CONVERSION = YES;
				CLANG_WARN_OBJC_IMPLICIT_RETAIN_SELF = YES;
				CLANG_WARN_OBJC_LITERAL_CONVERSION = YES;
				CLANG_WARN_OBJC_ROOT_CLASS = YES_ERROR;
				CLANG_WARN_QUOTED_INCLUDE_IN_FRAMEWORK_HEADER = YES;
				CLANG_WARN_RANGE_LOOP_ANALYSIS = YES;
				CLANG_WARN_STRICT_PROTOTYPES = YES;
				CLANG_WARN_SUSPICIOUS_MOVE = YES;
				CLANG_WARN_UNGUARDED_AVAILABILITY = YES_AGGRESSIVE;
				CLANG_WARN_UNREACHABLE_CODE = YES;
				CLANG_WARN__DUPLICATE_METHOD_MATCH = YES;
				COPY_PHASE_STRIP = NO;
				DEBUG_INFORMATION_FORMAT = "dwarf-with-dsym";
				ENABLE_NS_ASSERTIONS = NO;
				ENABLE_STRICT_OBJC_MSGSEND = YES;
				GCC_C_LANGUAGE_STANDARD = gnu11;
				GCC_NO_COMMON_BLOCKS = YES;
				GCC_WARN_64_TO_32_BIT_CONVERSION = YES;
				GCC_WARN_ABOUT_RETURN_TYPE = YES_ERROR;
				GCC_WARN_UNDECLARED_SELECTOR = YES;
				GCC_WARN_UNINITIALIZED_AUTOS = YES_AGGRESSIVE;
				GCC_WARN_UNUSED_FUNCTION = YES;
				GCC_WARN_UNUSED_VARIABLE = YES;
				IPHONEOS_DEPLOYMENT_TARGET = 15.5;
				MTL_ENABLE_DEBUG_INFO = NO;
				MTL_FAST_MATH = YES;
				SDKROOT = iphoneos;
				SWIFT_COMPILATION_MODE = wholemodule;
				SWIFT_OPTIMIZATION_LEVEL = "-O";
				VALIDATE_PRODUCT = YES;
			};
			name = Release;
		};
		AB35E99228BD84CF00D3F486 /* Debug */ = {
			isa = XCBuildConfiguration;
			buildSettings = {
				ASSETCATALOG_COMPILER_APPICON_NAME = AppIcon;
				ASSETCATALOG_COMPILER_GLOBAL_ACCENT_COLOR_NAME = AccentColor;
				CODE_SIGN_STYLE = Automatic;
				CURRENT_PROJECT_VERSION = 1;
				GENERATE_INFOPLIST_FILE = YES;
				INFOPLIST_FILE = hello_world/Info.plist;
				INFOPLIST_KEY_UIApplicationSupportsIndirectInputEvents = YES;
				INFOPLIST_KEY_UILaunchStoryboardName = LaunchScreen;
				INFOPLIST_KEY_UIMainStoryboardFile = Main;
				INFOPLIST_KEY_UISupportedInterfaceOrientations_iPad = "UIInterfaceOrientationPortrait UIInterfaceOrientationPortraitUpsideDown UIInterfaceOrientationLandscapeLeft UIInterfaceOrientationLandscapeRight";
				INFOPLIST_KEY_UISupportedInterfaceOrientations_iPhone = "UIInterfaceOrientationPortrait UIInterfaceOrientationLandscapeLeft UIInterfaceOrientationLandscapeRight";
				LD_RUNPATH_SEARCH_PATHS = (
					"$(inherited)",
					"@executable_path/Frameworks",
				);
				MARKETING_VERSION = 1.0;
				PRODUCT_BUNDLE_IDENTIFIER = "mindongjoon.hello-world";
				PRODUCT_NAME = "$(TARGET_NAME)";
				SWIFT_EMIT_LOC_STRINGS = YES;
				SWIFT_VERSION = 5.0;
				TARGETED_DEVICE_FAMILY = "1,2";
			};
			name = Debug;
		};
		AB35E99328BD84CF00D3F486 /* Release */ = {
			isa = XCBuildConfiguration;
			buildSettings = {
				ASSETCATALOG_COMPILER_APPICON_NAME = AppIcon;
				ASSETCATALOG_COMPILER_GLOBAL_ACCENT_COLOR_NAME = AccentColor;
				CODE_SIGN_STYLE = Automatic;
				CURRENT_PROJECT_VERSION = 1;
				GENERATE_INFOPLIST_FILE = YES;
				INFOPLIST_FILE = hello_world/Info.plist;
				INFOPLIST_KEY_UIApplicationSupportsIndirectInputEvents = YES;
				INFOPLIST_KEY_UILaunchStoryboardName = LaunchScreen;
				INFOPLIST_KEY_UIMainStoryboardFile = Main;
				INFOPLIST_KEY_UISupportedInterfaceOrientations_iPad = "UIInterfaceOrientationPortrait UIInterfaceOrientationPortraitUpsideDown UIInterfaceOrientationLandscapeLeft UIInterfaceOrientationLandscapeRight";
				INFOPLIST_KEY_UISupportedInterfaceOrientations_iPhone = "UIInterfaceOrientationPortrait UIInterfaceOrientationLandscapeLeft UIInterfaceOrientationLandscapeRight";
				LD_RUNPATH_SEARCH_PATHS = (
					"$(inherited)",
					"@executable_path/Frameworks",
				);
				MARKETING_VERSION = 1.0;
				PRODUCT_BUNDLE_IDENTIFIER = "mindongjoon.hello-world";
				PRODUCT_NAME = "$(TARGET_NAME)";
				SWIFT_EMIT_LOC_STRINGS = YES;
				SWIFT_VERSION = 5.0;
				TARGETED_DEVICE_FAMILY = "1,2";
			};
			name = Release;
		};
		AB35E99528BD84CF00D3F486 /* Debug */ = {
			isa = XCBuildConfiguration;
			buildSettings = {
				ALWAYS_EMBED_SWIFT_STANDARD_LIBRARIES = YES;
				BUNDLE_LOADER = "$(TEST_HOST)";
				CODE_SIGN_STYLE = Automatic;
				CURRENT_PROJECT_VERSION = 1;
				GENERATE_INFOPLIST_FILE = YES;
				IPHONEOS_DEPLOYMENT_TARGET = 15.5;
				MARKETING_VERSION = 1.0;
				PRODUCT_BUNDLE_IDENTIFIER = "mindongjoon.hello-worldTests";
				PRODUCT_NAME = "$(TARGET_NAME)";
				SWIFT_EMIT_LOC_STRINGS = NO;
				SWIFT_VERSION = 5.0;
				TARGETED_DEVICE_FAMILY = "1,2";
				TEST_HOST = "$(BUILT_PRODUCTS_DIR)/hello_world.app/hello_world";
			};
			name = Debug;
		};
		AB35E99628BD84CF00D3F486 /* Release */ = {
			isa = XCBuildConfiguration;
			buildSettings = {
				ALWAYS_EMBED_SWIFT_STANDARD_LIBRARIES = YES;
				BUNDLE_LOADER = "$(TEST_HOST)";
				CODE_SIGN_STYLE = Automatic;
				CURRENT_PROJECT_VERSION = 1;
				GENERATE_INFOPLIST_FILE = YES;
				IPHONEOS_DEPLOYMENT_TARGET = 15.5;
				MARKETING_VERSION = 1.0;
				PRODUCT_BUNDLE_IDENTIFIER = "mindongjoon.hello-worldTests";
				PRODUCT_NAME = "$(TARGET_NAME)";
				SWIFT_EMIT_LOC_STRINGS = NO;
				SWIFT_VERSION = 5.0;
				TARGETED_DEVICE_FAMILY = "1,2";
				TEST_HOST = "$(BUILT_PRODUCTS_DIR)/hello_world.app/hello_world";
			};
			name = Release;
		};
		AB35E99828BD84CF00D3F486 /* Debug */ = {
			isa = XCBuildConfiguration;
			buildSettings = {
				ALWAYS_EMBED_SWIFT_STANDARD_LIBRARIES = YES;
				CODE_SIGN_STYLE = Automatic;
				CURRENT_PROJECT_VERSION = 1;
				GENERATE_INFOPLIST_FILE = YES;
				MARKETING_VERSION = 1.0;
				PRODUCT_BUNDLE_IDENTIFIER = "mindongjoon.hello-worldUITests";
				PRODUCT_NAME = "$(TARGET_NAME)";
				SWIFT_EMIT_LOC_STRINGS = NO;
				SWIFT_VERSION = 5.0;
				TARGETED_DEVICE_FAMILY = "1,2";
				TEST_TARGET_NAME = hello_world;
			};
			name = Debug;
		};
		AB35E99928BD84CF00D3F486 /* Release */ = {
			isa = XCBuildConfiguration;
			buildSettings = {
				ALWAYS_EMBED_SWIFT_STANDARD_LIBRARIES = YES;
				CODE_SIGN_STYLE = Automatic;
				CURRENT_PROJECT_VERSION = 1;
				GENERATE_INFOPLIST_FILE = YES;
				MARKETING_VERSION = 1.0;
				PRODUCT_BUNDLE_IDENTIFIER = "mindongjoon.hello-worldUITests";
				PRODUCT_NAME = "$(TARGET_NAME)";
				SWIFT_EMIT_LOC_STRINGS = NO;
				SWIFT_VERSION = 5.0;
				TARGETED_DEVICE_FAMILY = "1,2";
				TEST_TARGET_NAME = hello_world;
			};
			name = Release;
		};
/* End XCBuildConfiguration section */

/* Begin XCConfigurationList section */
		AB35E96228BD84CE00D3F486 /* Build configuration list for PBXProject "hello_world" */ = {
			isa = XCConfigurationList;
			buildConfigurations = (
				AB35E98F28BD84CF00D3F486 /* Debug */,
				AB35E99028BD84CF00D3F486 /* Release */,
			);
			defaultConfigurationIsVisible = 0;
			defaultConfigurationName = Release;
		};
		AB35E99128BD84CF00D3F486 /* Build configuration list for PBXNativeTarget "hello_world" */ = {
			isa = XCConfigurationList;
			buildConfigurations = (
				AB35E99228BD84CF00D3F486 /* Debug */,
				AB35E99328BD84CF00D3F486 /* Release */,
			);
			defaultConfigurationIsVisible = 0;
			defaultConfigurationName = Release;
		};
		AB35E99428BD84CF00D3F486 /* Build configuration list for PBXNativeTarget "hello_worldTests" */ = {
			isa = XCConfigurationList;
			buildConfigurations = (
				AB35E99528BD84CF00D3F486 /* Debug */,
				AB35E99628BD84CF00D3F486 /* Release */,
			);
			defaultConfigurationIsVisible = 0;
			defaultConfigurationName = Release;
		};
		AB35E99728BD84CF00D3F486 /* Build configuration list for PBXNativeTarget "hello_worldUITests" */ = {
			isa = XCConfigurationList;
			buildConfigurations = (
				AB35E99828BD84CF00D3F486 /* Debug */,
				AB35E99928BD84CF00D3F486 /* Release */,
			);
			defaultConfigurationIsVisible = 0;
			defaultConfigurationName = Release;
		};
/* End XCConfigurationList section */
	};
	rootObject = AB35E95F28BD84CE00D3F486 /* Project object */;
}
